// !$*UTF8*$!
{
	archiveVersion = 1;
	classes = {
	};
	objectVersion = 51;
	objects = {

/* Begin PBXBuildFile section */
		45250B852585469700B1231D /* String+GameIcon.swift in Sources */ = {isa = PBXBuildFile; fileRef = 45250B842585469700B1231D /* String+GameIcon.swift */; };
		45250B9225854A7500B1231D /* UtilsTests.swift in Sources */ = {isa = PBXBuildFile; fileRef = 45250B9125854A7500B1231D /* UtilsTests.swift */; };
		452FB8C1258A709000A0C565 /* bg.mp3 in Resources */ = {isa = PBXBuildFile; fileRef = 452FB8BE258A709000A0C565 /* bg.mp3 */; };
		452FB8C2258A709000A0C565 /* correct.wav in Resources */ = {isa = PBXBuildFile; fileRef = 452FB8BF258A709000A0C565 /* correct.wav */; };
		452FB8C3258A709000A0C565 /* wrong.mp3 in Resources */ = {isa = PBXBuildFile; fileRef = 452FB8C0258A709000A0C565 /* wrong.mp3 */; };
		452FB8C8258A80C800A0C565 /* GameViewController.swift in Sources */ = {isa = PBXBuildFile; fileRef = 452FB8C7258A80C800A0C565 /* GameViewController.swift */; };
		452FB8D3258A83B000A0C565 /* UIViewController+Utils.swift in Sources */ = {isa = PBXBuildFile; fileRef = 452FB8D2258A83B000A0C565 /* UIViewController+Utils.swift */; };
		452FB8D8258A8CB600A0C565 /* GoogleService-Info.plist in Resources */ = {isa = PBXBuildFile; fileRef = 452FB8D7258A8CB600A0C565 /* GoogleService-Info.plist */; };
		452FB8DD258B6A5000A0C565 /* correct2.mp3 in Resources */ = {isa = PBXBuildFile; fileRef = 452FB8DC258B6A5000A0C565 /* correct2.mp3 */; };
		452FB8FD258B6A5A00A0C565 /* UK_H.mp3 in Resources */ = {isa = PBXBuildFile; fileRef = 452FB8E2258B6A5A00A0C565 /* UK_H.mp3 */; };
		452FB8FE258B6A5A00A0C565 /* UK_I.mp3 in Resources */ = {isa = PBXBuildFile; fileRef = 452FB8E3258B6A5A00A0C565 /* UK_I.mp3 */; };
		452FB8FF258B6A5A00A0C565 /* UK_K.mp3 in Resources */ = {isa = PBXBuildFile; fileRef = 452FB8E4258B6A5A00A0C565 /* UK_K.mp3 */; };
		452FB900258B6A5A00A0C565 /* UK_J.mp3 in Resources */ = {isa = PBXBuildFile; fileRef = 452FB8E5258B6A5A00A0C565 /* UK_J.mp3 */; };
		452FB901258B6A5A00A0C565 /* UK_N.mp3 in Resources */ = {isa = PBXBuildFile; fileRef = 452FB8E6258B6A5A00A0C565 /* UK_N.mp3 */; };
		452FB902258B6A5A00A0C565 /* UK_Y.mp3 in Resources */ = {isa = PBXBuildFile; fileRef = 452FB8E7258B6A5A00A0C565 /* UK_Y.mp3 */; };
		452FB903258B6A5A00A0C565 /* UK_X.mp3 in Resources */ = {isa = PBXBuildFile; fileRef = 452FB8E8258B6A5A00A0C565 /* UK_X.mp3 */; };
		452FB904258B6A5A00A0C565 /* UK_O.mp3 in Resources */ = {isa = PBXBuildFile; fileRef = 452FB8E9258B6A5A00A0C565 /* UK_O.mp3 */; };
		452FB905258B6A5A00A0C565 /* UK_M.mp3 in Resources */ = {isa = PBXBuildFile; fileRef = 452FB8EA258B6A5A00A0C565 /* UK_M.mp3 */; };
		452FB906258B6A5A00A0C565 /* UK_Z.mp3 in Resources */ = {isa = PBXBuildFile; fileRef = 452FB8EB258B6A5A00A0C565 /* UK_Z.mp3 */; };
		452FB907258B6A5A00A0C565 /* UK_L.mp3 in Resources */ = {isa = PBXBuildFile; fileRef = 452FB8EC258B6A5A00A0C565 /* UK_L.mp3 */; };
		452FB908258B6A5A00A0C565 /* UK_A.mp3 in Resources */ = {isa = PBXBuildFile; fileRef = 452FB8ED258B6A5A00A0C565 /* UK_A.mp3 */; };
		452FB909258B6A5A00A0C565 /* UK_V.mp3 in Resources */ = {isa = PBXBuildFile; fileRef = 452FB8EE258B6A5A00A0C565 /* UK_V.mp3 */; };
		452FB90A258B6A5A00A0C565 /* UK_W.mp3 in Resources */ = {isa = PBXBuildFile; fileRef = 452FB8EF258B6A5A00A0C565 /* UK_W.mp3 */; };
		452FB90B258B6A5A00A0C565 /* UK_B.mp3 in Resources */ = {isa = PBXBuildFile; fileRef = 452FB8F0258B6A5A00A0C565 /* UK_B.mp3 */; };
		452FB90C258B6A5A00A0C565 /* UK_U.mp3 in Resources */ = {isa = PBXBuildFile; fileRef = 452FB8F1258B6A5A00A0C565 /* UK_U.mp3 */; };
		452FB90E258B6A5A00A0C565 /* UK_T.mp3 in Resources */ = {isa = PBXBuildFile; fileRef = 452FB8F3258B6A5A00A0C565 /* UK_T.mp3 */; };
		452FB90F258B6A5A00A0C565 /* UK_C.mp3 in Resources */ = {isa = PBXBuildFile; fileRef = 452FB8F4258B6A5A00A0C565 /* UK_C.mp3 */; };
		452FB910258B6A5A00A0C565 /* UK_P.mp3 in Resources */ = {isa = PBXBuildFile; fileRef = 452FB8F5258B6A5A00A0C565 /* UK_P.mp3 */; };
		452FB911258B6A5A00A0C565 /* UK_G.mp3 in Resources */ = {isa = PBXBuildFile; fileRef = 452FB8F6258B6A5A00A0C565 /* UK_G.mp3 */; };
		452FB912258B6A5A00A0C565 /* UK_F.mp3 in Resources */ = {isa = PBXBuildFile; fileRef = 452FB8F7258B6A5A00A0C565 /* UK_F.mp3 */; };
		452FB913258B6A5A00A0C565 /* UK_Q.mp3 in Resources */ = {isa = PBXBuildFile; fileRef = 452FB8F8258B6A5A00A0C565 /* UK_Q.mp3 */; };
		452FB914258B6A5A00A0C565 /* UK_S.mp3 in Resources */ = {isa = PBXBuildFile; fileRef = 452FB8F9258B6A5A00A0C565 /* UK_S.mp3 */; };
		452FB915258B6A5A00A0C565 /* UK_D.mp3 in Resources */ = {isa = PBXBuildFile; fileRef = 452FB8FA258B6A5A00A0C565 /* UK_D.mp3 */; };
		452FB916258B6A5A00A0C565 /* UK_E.mp3 in Resources */ = {isa = PBXBuildFile; fileRef = 452FB8FB258B6A5A00A0C565 /* UK_E.mp3 */; };
		452FB917258B6A5A00A0C565 /* UK_R.mp3 in Resources */ = {isa = PBXBuildFile; fileRef = 452FB8FC258B6A5A00A0C565 /* UK_R.mp3 */; };
		452FB936258B6A6000A0C565 /* US_I.mp3 in Resources */ = {isa = PBXBuildFile; fileRef = 452FB91C258B6A6000A0C565 /* US_I.mp3 */; };
		452FB937258B6A6000A0C565 /* US_H.mp3 in Resources */ = {isa = PBXBuildFile; fileRef = 452FB91D258B6A6000A0C565 /* US_H.mp3 */; };
		452FB938258B6A6000A0C565 /* US_J.mp3 in Resources */ = {isa = PBXBuildFile; fileRef = 452FB91E258B6A6000A0C565 /* US_J.mp3 */; };
		452FB939258B6A6000A0C565 /* US_K.mp3 in Resources */ = {isa = PBXBuildFile; fileRef = 452FB91F258B6A6000A0C565 /* US_K.mp3 */; };
		452FB93A258B6A6000A0C565 /* US_X.mp3 in Resources */ = {isa = PBXBuildFile; fileRef = 452FB920258B6A6000A0C565 /* US_X.mp3 */; };
		452FB93B258B6A6000A0C565 /* US_O.mp3 in Resources */ = {isa = PBXBuildFile; fileRef = 452FB921258B6A6000A0C565 /* US_O.mp3 */; };
		452FB93C258B6A6000A0C565 /* US_N.mp3 in Resources */ = {isa = PBXBuildFile; fileRef = 452FB922258B6A6000A0C565 /* US_N.mp3 */; };
		452FB93D258B6A6000A0C565 /* US_Y.mp3 in Resources */ = {isa = PBXBuildFile; fileRef = 452FB923258B6A6000A0C565 /* US_Y.mp3 */; };
		452FB93E258B6A6000A0C565 /* US_L.mp3 in Resources */ = {isa = PBXBuildFile; fileRef = 452FB924258B6A6000A0C565 /* US_L.mp3 */; };
		452FB93F258B6A6000A0C565 /* US_M.mp3 in Resources */ = {isa = PBXBuildFile; fileRef = 452FB925258B6A6000A0C565 /* US_M.mp3 */; };
		452FB940258B6A6000A0C565 /* US_Z.mp3 in Resources */ = {isa = PBXBuildFile; fileRef = 452FB926258B6A6000A0C565 /* US_Z.mp3 */; };
		452FB941258B6A6000A0C565 /* US_W.mp3 in Resources */ = {isa = PBXBuildFile; fileRef = 452FB927258B6A6000A0C565 /* US_W.mp3 */; };
		452FB942258B6A6000A0C565 /* US_A.mp3 in Resources */ = {isa = PBXBuildFile; fileRef = 452FB928258B6A6000A0C565 /* US_A.mp3 */; };
		452FB943258B6A6000A0C565 /* US_V.mp3 in Resources */ = {isa = PBXBuildFile; fileRef = 452FB929258B6A6000A0C565 /* US_V.mp3 */; };
		452FB944258B6A6000A0C565 /* US_T.mp3 in Resources */ = {isa = PBXBuildFile; fileRef = 452FB92A258B6A6000A0C565 /* US_T.mp3 */; };
		452FB945258B6A6000A0C565 /* US_C.mp3 in Resources */ = {isa = PBXBuildFile; fileRef = 452FB92B258B6A6000A0C565 /* US_C.mp3 */; };
		452FB946258B6A6000A0C565 /* US_B.mp3 in Resources */ = {isa = PBXBuildFile; fileRef = 452FB92C258B6A6000A0C565 /* US_B.mp3 */; };
		452FB947258B6A6000A0C565 /* US_U.mp3 in Resources */ = {isa = PBXBuildFile; fileRef = 452FB92D258B6A6000A0C565 /* US_U.mp3 */; };
		452FB948258B6A6000A0C565 /* US_F.mp3 in Resources */ = {isa = PBXBuildFile; fileRef = 452FB92E258B6A6000A0C565 /* US_F.mp3 */; };
		452FB949258B6A6000A0C565 /* US_Q.mp3 in Resources */ = {isa = PBXBuildFile; fileRef = 452FB92F258B6A6000A0C565 /* US_Q.mp3 */; };
		452FB94A258B6A6000A0C565 /* US_P.mp3 in Resources */ = {isa = PBXBuildFile; fileRef = 452FB930258B6A6000A0C565 /* US_P.mp3 */; };
		452FB94B258B6A6000A0C565 /* US_G.mp3 in Resources */ = {isa = PBXBuildFile; fileRef = 452FB931258B6A6000A0C565 /* US_G.mp3 */; };
		452FB94C258B6A6000A0C565 /* US_E.mp3 in Resources */ = {isa = PBXBuildFile; fileRef = 452FB932258B6A6000A0C565 /* US_E.mp3 */; };
		452FB94D258B6A6000A0C565 /* US_R.mp3 in Resources */ = {isa = PBXBuildFile; fileRef = 452FB933258B6A6000A0C565 /* US_R.mp3 */; };
		452FB94E258B6A6000A0C565 /* US_S.mp3 in Resources */ = {isa = PBXBuildFile; fileRef = 452FB934258B6A6000A0C565 /* US_S.mp3 */; };
		452FB94F258B6A6000A0C565 /* US_D.mp3 in Resources */ = {isa = PBXBuildFile; fileRef = 452FB935258B6A6000A0C565 /* US_D.mp3 */; };
		452FB957258B6C6A00A0C565 /* Delay.swift in Sources */ = {isa = PBXBuildFile; fileRef = 452FB956258B6C6A00A0C565 /* Delay.swift */; };
		452FB95C258B88C400A0C565 /* SFX.swift in Sources */ = {isa = PBXBuildFile; fileRef = 452FB95B258B88C400A0C565 /* SFX.swift */; };
		452FB961258B948C00A0C565 /* AppDefaults.swift in Sources */ = {isa = PBXBuildFile; fileRef = 452FB960258B948C00A0C565 /* AppDefaults.swift */; };
		452FB969258B970B00A0C565 /* Letter.swift in Sources */ = {isa = PBXBuildFile; fileRef = 452FB968258B970B00A0C565 /* Letter.swift */; };
		452FB977258BA37E00A0C565 /* GameModel.swift in Sources */ = {isa = PBXBuildFile; fileRef = 452FB976258BA37E00A0C565 /* GameModel.swift */; };
		452FB97F258BAC3600A0C565 /* SAConfettiView.swift in Sources */ = {isa = PBXBuildFile; fileRef = 452FB97E258BAC3600A0C565 /* SAConfettiView.swift */; };
		457A00382581BF1300C37417 /* SplashViewController.swift in Sources */ = {isa = PBXBuildFile; fileRef = 457A00372581BF1300C37417 /* SplashViewController.swift */; };
		458931472582ADAE004A9BC9 /* beachday.ttf in Resources */ = {isa = PBXBuildFile; fileRef = 458931452582ADAE004A9BC9 /* beachday.ttf */; };
		458931482582ADAE004A9BC9 /* Bubble Bobble.ttf in Resources */ = {isa = PBXBuildFile; fileRef = 458931462582ADAE004A9BC9 /* Bubble Bobble.ttf */; };
		4589315B2582B719004A9BC9 /* BaseViewController.swift in Sources */ = {isa = PBXBuildFile; fileRef = 4589315A2582B719004A9BC9 /* BaseViewController.swift */; };
		45893169258348C2004A9BC9 /* HomeViewController.swift in Sources */ = {isa = PBXBuildFile; fileRef = 45893168258348C2004A9BC9 /* HomeViewController.swift */; };
		45C905E4257D28DD00465BD1 /* AppDelegate.swift in Sources */ = {isa = PBXBuildFile; fileRef = 45C905E3257D28DD00465BD1 /* AppDelegate.swift */; };
		45C905E6257D28DD00465BD1 /* SceneDelegate.swift in Sources */ = {isa = PBXBuildFile; fileRef = 45C905E5257D28DD00465BD1 /* SceneDelegate.swift */; };
		45C905EB257D28DD00465BD1 /* Main.storyboard in Resources */ = {isa = PBXBuildFile; fileRef = 45C905E9257D28DD00465BD1 /* Main.storyboard */; };
		45C905ED257D28DD00465BD1 /* Assets.xcassets in Resources */ = {isa = PBXBuildFile; fileRef = 45C905EC257D28DD00465BD1 /* Assets.xcassets */; };
		45C905F0257D28DD00465BD1 /* LaunchScreen.storyboard in Resources */ = {isa = PBXBuildFile; fileRef = 45C905EE257D28DD00465BD1 /* LaunchScreen.storyboard */; };
		45C90606257D28DE00465BD1 /* WhereIsABCUITests.swift in Sources */ = {isa = PBXBuildFile; fileRef = 45C90605257D28DE00465BD1 /* WhereIsABCUITests.swift */; };
/* End PBXBuildFile section */

/* Begin PBXContainerItemProxy section */
		45C905F7257D28DE00465BD1 /* PBXContainerItemProxy */ = {
			isa = PBXContainerItemProxy;
			containerPortal = 45C905D8257D28DD00465BD1 /* Project object */;
			proxyType = 1;
			remoteGlobalIDString = 45C905DF257D28DD00465BD1;
			remoteInfo = WhereIsABC;
		};
		45C90602257D28DE00465BD1 /* PBXContainerItemProxy */ = {
			isa = PBXContainerItemProxy;
			containerPortal = 45C905D8257D28DD00465BD1 /* Project object */;
			proxyType = 1;
			remoteGlobalIDString = 45C905DF257D28DD00465BD1;
			remoteInfo = WhereIsABC;
		};
/* End PBXContainerItemProxy section */

/* Begin PBXFileReference section */
		45250B842585469700B1231D /* String+GameIcon.swift */ = {isa = PBXFileReference; lastKnownFileType = sourcecode.swift; path = "String+GameIcon.swift"; sourceTree = "<group>"; };
		45250B9025854A7500B1231D /* WhereIsABCTests-Bridging-Header.h */ = {isa = PBXFileReference; lastKnownFileType = sourcecode.c.h; path = "WhereIsABCTests-Bridging-Header.h"; sourceTree = "<group>"; };
		45250B9125854A7500B1231D /* UtilsTests.swift */ = {isa = PBXFileReference; lastKnownFileType = sourcecode.swift; path = UtilsTests.swift; sourceTree = "<group>"; };
		452FB8BE258A709000A0C565 /* bg.mp3 */ = {isa = PBXFileReference; lastKnownFileType = audio.mp3; path = bg.mp3; sourceTree = "<group>"; };
		452FB8BF258A709000A0C565 /* correct.wav */ = {isa = PBXFileReference; lastKnownFileType = audio.wav; path = correct.wav; sourceTree = "<group>"; };
		452FB8C0258A709000A0C565 /* wrong.mp3 */ = {isa = PBXFileReference; lastKnownFileType = audio.mp3; path = wrong.mp3; sourceTree = "<group>"; };
		452FB8C7258A80C800A0C565 /* GameViewController.swift */ = {isa = PBXFileReference; lastKnownFileType = sourcecode.swift; path = GameViewController.swift; sourceTree = "<group>"; };
		452FB8D2258A83B000A0C565 /* UIViewController+Utils.swift */ = {isa = PBXFileReference; lastKnownFileType = sourcecode.swift; path = "UIViewController+Utils.swift"; sourceTree = "<group>"; };
		452FB8D7258A8CB600A0C565 /* GoogleService-Info.plist */ = {isa = PBXFileReference; fileEncoding = 4; lastKnownFileType = text.plist.xml; path = "GoogleService-Info.plist"; sourceTree = "<group>"; };
		452FB8DC258B6A5000A0C565 /* correct2.mp3 */ = {isa = PBXFileReference; lastKnownFileType = audio.mp3; path = correct2.mp3; sourceTree = "<group>"; };
		452FB8E2258B6A5A00A0C565 /* UK_H.mp3 */ = {isa = PBXFileReference; lastKnownFileType = audio.mp3; path = UK_H.mp3; sourceTree = "<group>"; };
		452FB8E3258B6A5A00A0C565 /* UK_I.mp3 */ = {isa = PBXFileReference; lastKnownFileType = audio.mp3; path = UK_I.mp3; sourceTree = "<group>"; };
		452FB8E4258B6A5A00A0C565 /* UK_K.mp3 */ = {isa = PBXFileReference; lastKnownFileType = audio.mp3; path = UK_K.mp3; sourceTree = "<group>"; };
		452FB8E5258B6A5A00A0C565 /* UK_J.mp3 */ = {isa = PBXFileReference; lastKnownFileType = audio.mp3; path = UK_J.mp3; sourceTree = "<group>"; };
		452FB8E6258B6A5A00A0C565 /* UK_N.mp3 */ = {isa = PBXFileReference; lastKnownFileType = audio.mp3; path = UK_N.mp3; sourceTree = "<group>"; };
		452FB8E7258B6A5A00A0C565 /* UK_Y.mp3 */ = {isa = PBXFileReference; lastKnownFileType = audio.mp3; path = UK_Y.mp3; sourceTree = "<group>"; };
		452FB8E8258B6A5A00A0C565 /* UK_X.mp3 */ = {isa = PBXFileReference; lastKnownFileType = audio.mp3; path = UK_X.mp3; sourceTree = "<group>"; };
		452FB8E9258B6A5A00A0C565 /* UK_O.mp3 */ = {isa = PBXFileReference; lastKnownFileType = audio.mp3; path = UK_O.mp3; sourceTree = "<group>"; };
		452FB8EA258B6A5A00A0C565 /* UK_M.mp3 */ = {isa = PBXFileReference; lastKnownFileType = audio.mp3; path = UK_M.mp3; sourceTree = "<group>"; };
		452FB8EB258B6A5A00A0C565 /* UK_Z.mp3 */ = {isa = PBXFileReference; lastKnownFileType = audio.mp3; path = UK_Z.mp3; sourceTree = "<group>"; };
		452FB8EC258B6A5A00A0C565 /* UK_L.mp3 */ = {isa = PBXFileReference; lastKnownFileType = audio.mp3; path = UK_L.mp3; sourceTree = "<group>"; };
		452FB8ED258B6A5A00A0C565 /* UK_A.mp3 */ = {isa = PBXFileReference; lastKnownFileType = audio.mp3; path = UK_A.mp3; sourceTree = "<group>"; };
		452FB8EE258B6A5A00A0C565 /* UK_V.mp3 */ = {isa = PBXFileReference; lastKnownFileType = audio.mp3; path = UK_V.mp3; sourceTree = "<group>"; };
		452FB8EF258B6A5A00A0C565 /* UK_W.mp3 */ = {isa = PBXFileReference; lastKnownFileType = audio.mp3; path = UK_W.mp3; sourceTree = "<group>"; };
		452FB8F0258B6A5A00A0C565 /* UK_B.mp3 */ = {isa = PBXFileReference; lastKnownFileType = audio.mp3; path = UK_B.mp3; sourceTree = "<group>"; };
		452FB8F1258B6A5A00A0C565 /* UK_U.mp3 */ = {isa = PBXFileReference; lastKnownFileType = audio.mp3; path = UK_U.mp3; sourceTree = "<group>"; };
		452FB8F3258B6A5A00A0C565 /* UK_T.mp3 */ = {isa = PBXFileReference; lastKnownFileType = audio.mp3; path = UK_T.mp3; sourceTree = "<group>"; };
		452FB8F4258B6A5A00A0C565 /* UK_C.mp3 */ = {isa = PBXFileReference; lastKnownFileType = audio.mp3; path = UK_C.mp3; sourceTree = "<group>"; };
		452FB8F5258B6A5A00A0C565 /* UK_P.mp3 */ = {isa = PBXFileReference; lastKnownFileType = audio.mp3; path = UK_P.mp3; sourceTree = "<group>"; };
		452FB8F6258B6A5A00A0C565 /* UK_G.mp3 */ = {isa = PBXFileReference; lastKnownFileType = audio.mp3; path = UK_G.mp3; sourceTree = "<group>"; };
		452FB8F7258B6A5A00A0C565 /* UK_F.mp3 */ = {isa = PBXFileReference; lastKnownFileType = audio.mp3; path = UK_F.mp3; sourceTree = "<group>"; };
		452FB8F8258B6A5A00A0C565 /* UK_Q.mp3 */ = {isa = PBXFileReference; lastKnownFileType = audio.mp3; path = UK_Q.mp3; sourceTree = "<group>"; };
		452FB8F9258B6A5A00A0C565 /* UK_S.mp3 */ = {isa = PBXFileReference; lastKnownFileType = audio.mp3; path = UK_S.mp3; sourceTree = "<group>"; };
		452FB8FA258B6A5A00A0C565 /* UK_D.mp3 */ = {isa = PBXFileReference; lastKnownFileType = audio.mp3; path = UK_D.mp3; sourceTree = "<group>"; };
		452FB8FB258B6A5A00A0C565 /* UK_E.mp3 */ = {isa = PBXFileReference; lastKnownFileType = audio.mp3; path = UK_E.mp3; sourceTree = "<group>"; };
		452FB8FC258B6A5A00A0C565 /* UK_R.mp3 */ = {isa = PBXFileReference; lastKnownFileType = audio.mp3; path = UK_R.mp3; sourceTree = "<group>"; };
		452FB91C258B6A6000A0C565 /* US_I.mp3 */ = {isa = PBXFileReference; lastKnownFileType = audio.mp3; path = US_I.mp3; sourceTree = "<group>"; };
		452FB91D258B6A6000A0C565 /* US_H.mp3 */ = {isa = PBXFileReference; lastKnownFileType = audio.mp3; path = US_H.mp3; sourceTree = "<group>"; };
		452FB91E258B6A6000A0C565 /* US_J.mp3 */ = {isa = PBXFileReference; lastKnownFileType = audio.mp3; path = US_J.mp3; sourceTree = "<group>"; };
		452FB91F258B6A6000A0C565 /* US_K.mp3 */ = {isa = PBXFileReference; lastKnownFileType = audio.mp3; path = US_K.mp3; sourceTree = "<group>"; };
		452FB920258B6A6000A0C565 /* US_X.mp3 */ = {isa = PBXFileReference; lastKnownFileType = audio.mp3; path = US_X.mp3; sourceTree = "<group>"; };
		452FB921258B6A6000A0C565 /* US_O.mp3 */ = {isa = PBXFileReference; lastKnownFileType = audio.mp3; path = US_O.mp3; sourceTree = "<group>"; };
		452FB922258B6A6000A0C565 /* US_N.mp3 */ = {isa = PBXFileReference; lastKnownFileType = audio.mp3; path = US_N.mp3; sourceTree = "<group>"; };
		452FB923258B6A6000A0C565 /* US_Y.mp3 */ = {isa = PBXFileReference; lastKnownFileType = audio.mp3; path = US_Y.mp3; sourceTree = "<group>"; };
		452FB924258B6A6000A0C565 /* US_L.mp3 */ = {isa = PBXFileReference; lastKnownFileType = audio.mp3; path = US_L.mp3; sourceTree = "<group>"; };
		452FB925258B6A6000A0C565 /* US_M.mp3 */ = {isa = PBXFileReference; lastKnownFileType = audio.mp3; path = US_M.mp3; sourceTree = "<group>"; };
		452FB926258B6A6000A0C565 /* US_Z.mp3 */ = {isa = PBXFileReference; lastKnownFileType = audio.mp3; path = US_Z.mp3; sourceTree = "<group>"; };
		452FB927258B6A6000A0C565 /* US_W.mp3 */ = {isa = PBXFileReference; lastKnownFileType = audio.mp3; path = US_W.mp3; sourceTree = "<group>"; };
		452FB928258B6A6000A0C565 /* US_A.mp3 */ = {isa = PBXFileReference; lastKnownFileType = audio.mp3; path = US_A.mp3; sourceTree = "<group>"; };
		452FB929258B6A6000A0C565 /* US_V.mp3 */ = {isa = PBXFileReference; lastKnownFileType = audio.mp3; path = US_V.mp3; sourceTree = "<group>"; };
		452FB92A258B6A6000A0C565 /* US_T.mp3 */ = {isa = PBXFileReference; lastKnownFileType = audio.mp3; path = US_T.mp3; sourceTree = "<group>"; };
		452FB92B258B6A6000A0C565 /* US_C.mp3 */ = {isa = PBXFileReference; lastKnownFileType = audio.mp3; path = US_C.mp3; sourceTree = "<group>"; };
		452FB92C258B6A6000A0C565 /* US_B.mp3 */ = {isa = PBXFileReference; lastKnownFileType = audio.mp3; path = US_B.mp3; sourceTree = "<group>"; };
		452FB92D258B6A6000A0C565 /* US_U.mp3 */ = {isa = PBXFileReference; lastKnownFileType = audio.mp3; path = US_U.mp3; sourceTree = "<group>"; };
		452FB92E258B6A6000A0C565 /* US_F.mp3 */ = {isa = PBXFileReference; lastKnownFileType = audio.mp3; path = US_F.mp3; sourceTree = "<group>"; };
		452FB92F258B6A6000A0C565 /* US_Q.mp3 */ = {isa = PBXFileReference; lastKnownFileType = audio.mp3; path = US_Q.mp3; sourceTree = "<group>"; };
		452FB930258B6A6000A0C565 /* US_P.mp3 */ = {isa = PBXFileReference; lastKnownFileType = audio.mp3; path = US_P.mp3; sourceTree = "<group>"; };
		452FB931258B6A6000A0C565 /* US_G.mp3 */ = {isa = PBXFileReference; lastKnownFileType = audio.mp3; path = US_G.mp3; sourceTree = "<group>"; };
		452FB932258B6A6000A0C565 /* US_E.mp3 */ = {isa = PBXFileReference; lastKnownFileType = audio.mp3; path = US_E.mp3; sourceTree = "<group>"; };
		452FB933258B6A6000A0C565 /* US_R.mp3 */ = {isa = PBXFileReference; lastKnownFileType = audio.mp3; path = US_R.mp3; sourceTree = "<group>"; };
		452FB934258B6A6000A0C565 /* US_S.mp3 */ = {isa = PBXFileReference; lastKnownFileType = audio.mp3; path = US_S.mp3; sourceTree = "<group>"; };
		452FB935258B6A6000A0C565 /* US_D.mp3 */ = {isa = PBXFileReference; lastKnownFileType = audio.mp3; path = US_D.mp3; sourceTree = "<group>"; };
		452FB956258B6C6A00A0C565 /* Delay.swift */ = {isa = PBXFileReference; lastKnownFileType = sourcecode.swift; path = Delay.swift; sourceTree = "<group>"; };
		452FB95B258B88C400A0C565 /* SFX.swift */ = {isa = PBXFileReference; lastKnownFileType = sourcecode.swift; path = SFX.swift; sourceTree = "<group>"; };
		452FB960258B948C00A0C565 /* AppDefaults.swift */ = {isa = PBXFileReference; lastKnownFileType = sourcecode.swift; path = AppDefaults.swift; sourceTree = "<group>"; };
		452FB968258B970B00A0C565 /* Letter.swift */ = {isa = PBXFileReference; lastKnownFileType = sourcecode.swift; path = Letter.swift; sourceTree = "<group>"; };
		452FB976258BA37E00A0C565 /* GameModel.swift */ = {isa = PBXFileReference; lastKnownFileType = sourcecode.swift; path = GameModel.swift; sourceTree = "<group>"; };
		452FB97E258BAC3600A0C565 /* SAConfettiView.swift */ = {isa = PBXFileReference; fileEncoding = 4; lastKnownFileType = sourcecode.swift; path = SAConfettiView.swift; sourceTree = "<group>"; };
		457A00372581BF1300C37417 /* SplashViewController.swift */ = {isa = PBXFileReference; lastKnownFileType = sourcecode.swift; path = SplashViewController.swift; sourceTree = "<group>"; };
		458931452582ADAE004A9BC9 /* beachday.ttf */ = {isa = PBXFileReference; lastKnownFileType = file; path = beachday.ttf; sourceTree = "<group>"; };
		458931462582ADAE004A9BC9 /* Bubble Bobble.ttf */ = {isa = PBXFileReference; lastKnownFileType = file; path = "Bubble Bobble.ttf"; sourceTree = "<group>"; };
		4589315A2582B719004A9BC9 /* BaseViewController.swift */ = {isa = PBXFileReference; lastKnownFileType = sourcecode.swift; path = BaseViewController.swift; sourceTree = "<group>"; };
		45893168258348C2004A9BC9 /* HomeViewController.swift */ = {isa = PBXFileReference; lastKnownFileType = sourcecode.swift; name = HomeViewController.swift; path = WhereIsABC/Views/HomeViewController.swift; sourceTree = SOURCE_ROOT; };
		45C905E0257D28DD00465BD1 /* WhereIsABC.app */ = {isa = PBXFileReference; explicitFileType = wrapper.application; includeInIndex = 0; path = WhereIsABC.app; sourceTree = BUILT_PRODUCTS_DIR; };
		45C905E3257D28DD00465BD1 /* AppDelegate.swift */ = {isa = PBXFileReference; lastKnownFileType = sourcecode.swift; path = AppDelegate.swift; sourceTree = "<group>"; };
		45C905E5257D28DD00465BD1 /* SceneDelegate.swift */ = {isa = PBXFileReference; lastKnownFileType = sourcecode.swift; path = SceneDelegate.swift; sourceTree = "<group>"; };
		45C905EA257D28DD00465BD1 /* Base */ = {isa = PBXFileReference; lastKnownFileType = file.storyboard; name = Base; path = Base.lproj/Main.storyboard; sourceTree = "<group>"; };
		45C905EC257D28DD00465BD1 /* Assets.xcassets */ = {isa = PBXFileReference; lastKnownFileType = folder.assetcatalog; path = Assets.xcassets; sourceTree = "<group>"; };
		45C905EF257D28DD00465BD1 /* Base */ = {isa = PBXFileReference; lastKnownFileType = file.storyboard; name = Base; path = Base.lproj/LaunchScreen.storyboard; sourceTree = "<group>"; };
		45C905F1257D28DD00465BD1 /* Info.plist */ = {isa = PBXFileReference; lastKnownFileType = text.plist.xml; path = Info.plist; sourceTree = "<group>"; };
		45C905F6257D28DE00465BD1 /* WhereIsABCTests.xctest */ = {isa = PBXFileReference; explicitFileType = wrapper.cfbundle; includeInIndex = 0; path = WhereIsABCTests.xctest; sourceTree = BUILT_PRODUCTS_DIR; };
		45C905FC257D28DE00465BD1 /* Info.plist */ = {isa = PBXFileReference; lastKnownFileType = text.plist.xml; path = Info.plist; sourceTree = "<group>"; };
		45C90601257D28DE00465BD1 /* WhereIsABCUITests.xctest */ = {isa = PBXFileReference; explicitFileType = wrapper.cfbundle; includeInIndex = 0; path = WhereIsABCUITests.xctest; sourceTree = BUILT_PRODUCTS_DIR; };
		45C90605257D28DE00465BD1 /* WhereIsABCUITests.swift */ = {isa = PBXFileReference; lastKnownFileType = sourcecode.swift; path = WhereIsABCUITests.swift; sourceTree = "<group>"; };
		45C90607257D28DE00465BD1 /* Info.plist */ = {isa = PBXFileReference; lastKnownFileType = text.plist.xml; path = Info.plist; sourceTree = "<group>"; };
/* End PBXFileReference section */

/* Begin PBXFrameworksBuildPhase section */
		45C905DD257D28DD00465BD1 /* Frameworks */ = {
			isa = PBXFrameworksBuildPhase;
			buildActionMask = 2147483647;
			files = (
			);
			runOnlyForDeploymentPostprocessing = 0;
		};
		45C905F3257D28DE00465BD1 /* Frameworks */ = {
			isa = PBXFrameworksBuildPhase;
			buildActionMask = 2147483647;
			files = (
			);
			runOnlyForDeploymentPostprocessing = 0;
		};
		45C905FE257D28DE00465BD1 /* Frameworks */ = {
			isa = PBXFrameworksBuildPhase;
			buildActionMask = 2147483647;
			files = (
			);
			runOnlyForDeploymentPostprocessing = 0;
		};
/* End PBXFrameworksBuildPhase section */

/* Begin PBXGroup section */
		45250B89258546A100B1231D /* Utils */ = {
			isa = PBXGroup;
			children = (
				452FB960258B948C00A0C565 /* AppDefaults.swift */,
				452FB956258B6C6A00A0C565 /* Delay.swift */,
				452FB968258B970B00A0C565 /* Letter.swift */,
				452FB95B258B88C400A0C565 /* SFX.swift */,
				45250B842585469700B1231D /* String+GameIcon.swift */,
				452FB8D2258A83B000A0C565 /* UIViewController+Utils.swift */,
			);
			path = Utils;
			sourceTree = "<group>";
		};
		4525152625868F08000E4935 /* SFX */ = {
			isa = PBXGroup;
			children = (
				452FB91B258B6A6000A0C565 /* US */,
				452FB8E1258B6A5A00A0C565 /* UK */,
				452FB8DC258B6A5000A0C565 /* correct2.mp3 */,
				452FB8BE258A709000A0C565 /* bg.mp3 */,
				452FB8BF258A709000A0C565 /* correct.wav */,
				452FB8C0258A709000A0C565 /* wrong.mp3 */,
			);
			path = SFX;
			sourceTree = "<group>";
		};
		452FB8E1258B6A5A00A0C565 /* UK */ = {
			isa = PBXGroup;
			children = (
				452FB8E2258B6A5A00A0C565 /* UK_H.mp3 */,
				452FB8E3258B6A5A00A0C565 /* UK_I.mp3 */,
				452FB8E4258B6A5A00A0C565 /* UK_K.mp3 */,
				452FB8E5258B6A5A00A0C565 /* UK_J.mp3 */,
				452FB8E6258B6A5A00A0C565 /* UK_N.mp3 */,
				452FB8E7258B6A5A00A0C565 /* UK_Y.mp3 */,
				452FB8E8258B6A5A00A0C565 /* UK_X.mp3 */,
				452FB8E9258B6A5A00A0C565 /* UK_O.mp3 */,
				452FB8EA258B6A5A00A0C565 /* UK_M.mp3 */,
				452FB8EB258B6A5A00A0C565 /* UK_Z.mp3 */,
				452FB8EC258B6A5A00A0C565 /* UK_L.mp3 */,
				452FB8ED258B6A5A00A0C565 /* UK_A.mp3 */,
				452FB8EE258B6A5A00A0C565 /* UK_V.mp3 */,
				452FB8EF258B6A5A00A0C565 /* UK_W.mp3 */,
				452FB8F0258B6A5A00A0C565 /* UK_B.mp3 */,
				452FB8F1258B6A5A00A0C565 /* UK_U.mp3 */,
				452FB8F3258B6A5A00A0C565 /* UK_T.mp3 */,
				452FB8F4258B6A5A00A0C565 /* UK_C.mp3 */,
				452FB8F5258B6A5A00A0C565 /* UK_P.mp3 */,
				452FB8F6258B6A5A00A0C565 /* UK_G.mp3 */,
				452FB8F7258B6A5A00A0C565 /* UK_F.mp3 */,
				452FB8F8258B6A5A00A0C565 /* UK_Q.mp3 */,
				452FB8F9258B6A5A00A0C565 /* UK_S.mp3 */,
				452FB8FA258B6A5A00A0C565 /* UK_D.mp3 */,
				452FB8FB258B6A5A00A0C565 /* UK_E.mp3 */,
				452FB8FC258B6A5A00A0C565 /* UK_R.mp3 */,
			);
			path = UK;
			sourceTree = "<group>";
		};
		452FB91B258B6A6000A0C565 /* US */ = {
			isa = PBXGroup;
			children = (
				452FB91C258B6A6000A0C565 /* US_I.mp3 */,
				452FB91D258B6A6000A0C565 /* US_H.mp3 */,
				452FB91E258B6A6000A0C565 /* US_J.mp3 */,
				452FB91F258B6A6000A0C565 /* US_K.mp3 */,
				452FB920258B6A6000A0C565 /* US_X.mp3 */,
				452FB921258B6A6000A0C565 /* US_O.mp3 */,
				452FB922258B6A6000A0C565 /* US_N.mp3 */,
				452FB923258B6A6000A0C565 /* US_Y.mp3 */,
				452FB924258B6A6000A0C565 /* US_L.mp3 */,
				452FB925258B6A6000A0C565 /* US_M.mp3 */,
				452FB926258B6A6000A0C565 /* US_Z.mp3 */,
				452FB927258B6A6000A0C565 /* US_W.mp3 */,
				452FB928258B6A6000A0C565 /* US_A.mp3 */,
				452FB929258B6A6000A0C565 /* US_V.mp3 */,
				452FB92A258B6A6000A0C565 /* US_T.mp3 */,
				452FB92B258B6A6000A0C565 /* US_C.mp3 */,
				452FB92C258B6A6000A0C565 /* US_B.mp3 */,
				452FB92D258B6A6000A0C565 /* US_U.mp3 */,
				452FB92E258B6A6000A0C565 /* US_F.mp3 */,
				452FB92F258B6A6000A0C565 /* US_Q.mp3 */,
				452FB930258B6A6000A0C565 /* US_P.mp3 */,
				452FB931258B6A6000A0C565 /* US_G.mp3 */,
				452FB932258B6A6000A0C565 /* US_E.mp3 */,
				452FB933258B6A6000A0C565 /* US_R.mp3 */,
				452FB934258B6A6000A0C565 /* US_S.mp3 */,
				452FB935258B6A6000A0C565 /* US_D.mp3 */,
			);
			path = US;
			sourceTree = "<group>";
		};
		457A002C25815C3500C37417 /* App */ = {
			isa = PBXGroup;
			children = (
				45C905E3257D28DD00465BD1 /* AppDelegate.swift */,
				45C905E5257D28DD00465BD1 /* SceneDelegate.swift */,
			);
			path = App;
			sourceTree = "<group>";
		};
		457A002D25815C3A00C37417 /* Views */ = {
			isa = PBXGroup;
			children = (
				458931592582B70E004A9BC9 /* Base */,
				45C905E9257D28DD00465BD1 /* Main.storyboard */,
				457A00372581BF1300C37417 /* SplashViewController.swift */,
				45893168258348C2004A9BC9 /* HomeViewController.swift */,
				452FB8C7258A80C800A0C565 /* GameViewController.swift */,
				452FB97E258BAC3600A0C565 /* SAConfettiView.swift */,
			);
			path = Views;
			sourceTree = "<group>";
		};
		457A002E25815C4100C37417 /* Models */ = {
			isa = PBXGroup;
			children = (
				452FB976258BA37E00A0C565 /* GameModel.swift */,
			);
			path = Models;
			sourceTree = "<group>";
		};
		457A002F25815C4700C37417 /* Plist */ = {
			isa = PBXGroup;
			children = (
				458931442582AD71004A9BC9 /* Fonts */,
				45C905F1257D28DD00465BD1 /* Info.plist */,
				452FB8D7258A8CB600A0C565 /* GoogleService-Info.plist */,
			);
			path = Plist;
			sourceTree = "<group>";
		};
		457A003025815C4F00C37417 /* Resources */ = {
			isa = PBXGroup;
			children = (
				4525152625868F08000E4935 /* SFX */,
				45C905EC257D28DD00465BD1 /* Assets.xcassets */,
				45C905EE257D28DD00465BD1 /* LaunchScreen.storyboard */,
			);
			path = Resources;
			sourceTree = "<group>";
		};
		458931442582AD71004A9BC9 /* Fonts */ = {
			isa = PBXGroup;
			children = (
				458931452582ADAE004A9BC9 /* beachday.ttf */,
				458931462582ADAE004A9BC9 /* Bubble Bobble.ttf */,
			);
			path = Fonts;
			sourceTree = "<group>";
		};
		458931592582B70E004A9BC9 /* Base */ = {
			isa = PBXGroup;
			children = (
				4589315A2582B719004A9BC9 /* BaseViewController.swift */,
			);
			path = Base;
			sourceTree = "<group>";
		};
		45C905D7257D28DD00465BD1 = {
			isa = PBXGroup;
			children = (
				45C905E2257D28DD00465BD1 /* WhereIsABC */,
				45C905F9257D28DE00465BD1 /* WhereIsABCTests */,
				45C90604257D28DE00465BD1 /* WhereIsABCUITests */,
				45C905E1257D28DD00465BD1 /* Products */,
				8CE1711DE03ADA554F997600 /* Pods */,
			);
			sourceTree = "<group>";
		};
		45C905E1257D28DD00465BD1 /* Products */ = {
			isa = PBXGroup;
			children = (
				45C905E0257D28DD00465BD1 /* WhereIsABC.app */,
				45C905F6257D28DE00465BD1 /* WhereIsABCTests.xctest */,
				45C90601257D28DE00465BD1 /* WhereIsABCUITests.xctest */,
			);
			name = Products;
			sourceTree = "<group>";
		};
		45C905E2257D28DD00465BD1 /* WhereIsABC */ = {
			isa = PBXGroup;
			children = (
				457A002C25815C3500C37417 /* App */,
				457A002E25815C4100C37417 /* Models */,
				457A002D25815C3A00C37417 /* Views */,
				457A002F25815C4700C37417 /* Plist */,
				45250B89258546A100B1231D /* Utils */,
				457A003025815C4F00C37417 /* Resources */,
			);
			path = WhereIsABC;
			sourceTree = "<group>";
		};
		45C905F9257D28DE00465BD1 /* WhereIsABCTests */ = {
			isa = PBXGroup;
			children = (
				45C905FC257D28DE00465BD1 /* Info.plist */,
				45250B9125854A7500B1231D /* UtilsTests.swift */,
				45250B9025854A7500B1231D /* WhereIsABCTests-Bridging-Header.h */,
			);
			path = WhereIsABCTests;
			sourceTree = "<group>";
		};
		45C90604257D28DE00465BD1 /* WhereIsABCUITests */ = {
			isa = PBXGroup;
			children = (
				45C90605257D28DE00465BD1 /* WhereIsABCUITests.swift */,
				45C90607257D28DE00465BD1 /* Info.plist */,
			);
			path = WhereIsABCUITests;
			sourceTree = "<group>";
		};
		8CE1711DE03ADA554F997600 /* Pods */ = {
			isa = PBXGroup;
			children = (
			);
			path = Pods;
			sourceTree = "<group>";
		};
/* End PBXGroup section */

/* Begin PBXNativeTarget section */
		45C905DF257D28DD00465BD1 /* WhereIsABC */ = {
			isa = PBXNativeTarget;
			buildConfigurationList = 45C9060A257D28DE00465BD1 /* Build configuration list for PBXNativeTarget "WhereIsABC" */;
			buildPhases = (
				45C905DC257D28DD00465BD1 /* Sources */,
				45C905DD257D28DD00465BD1 /* Frameworks */,
				45C905DE257D28DD00465BD1 /* Resources */,
			);
			buildRules = (
			);
			dependencies = (
			);
			name = WhereIsABC;
			productName = WhereIsABC;
			productReference = 45C905E0257D28DD00465BD1 /* WhereIsABC.app */;
			productType = "com.apple.product-type.application";
		};
		45C905F5257D28DE00465BD1 /* WhereIsABCTests */ = {
			isa = PBXNativeTarget;
			buildConfigurationList = 45C9060D257D28DE00465BD1 /* Build configuration list for PBXNativeTarget "WhereIsABCTests" */;
			buildPhases = (
				45C905F2257D28DE00465BD1 /* Sources */,
				45C905F3257D28DE00465BD1 /* Frameworks */,
				45C905F4257D28DE00465BD1 /* Resources */,
			);
			buildRules = (
			);
			dependencies = (
				45C905F8257D28DE00465BD1 /* PBXTargetDependency */,
			);
			name = WhereIsABCTests;
			productName = WhereIsABCTests;
			productReference = 45C905F6257D28DE00465BD1 /* WhereIsABCTests.xctest */;
			productType = "com.apple.product-type.bundle.unit-test";
		};
		45C90600257D28DE00465BD1 /* WhereIsABCUITests */ = {
			isa = PBXNativeTarget;
			buildConfigurationList = 45C90610257D28DE00465BD1 /* Build configuration list for PBXNativeTarget "WhereIsABCUITests" */;
			buildPhases = (
				45C905FD257D28DE00465BD1 /* Sources */,
				45C905FE257D28DE00465BD1 /* Frameworks */,
				45C905FF257D28DE00465BD1 /* Resources */,
			);
			buildRules = (
			);
			dependencies = (
				45C90603257D28DE00465BD1 /* PBXTargetDependency */,
			);
			name = WhereIsABCUITests;
			productName = WhereIsABCUITests;
			productReference = 45C90601257D28DE00465BD1 /* WhereIsABCUITests.xctest */;
			productType = "com.apple.product-type.bundle.ui-testing";
		};
/* End PBXNativeTarget section */

/* Begin PBXProject section */
		45C905D8257D28DD00465BD1 /* Project object */ = {
			isa = PBXProject;
			attributes = {
				LastSwiftUpdateCheck = 1220;
				LastUpgradeCheck = 1220;
				TargetAttributes = {
					45C905DF257D28DD00465BD1 = {
						CreatedOnToolsVersion = 12.2;
					};
					45C905F5257D28DE00465BD1 = {
						CreatedOnToolsVersion = 12.2;
						LastSwiftMigration = 1220;
						TestTargetID = 45C905DF257D28DD00465BD1;
					};
					45C90600257D28DE00465BD1 = {
						CreatedOnToolsVersion = 12.2;
						TestTargetID = 45C905DF257D28DD00465BD1;
					};
				};
			};
			buildConfigurationList = 45C905DB257D28DD00465BD1 /* Build configuration list for PBXProject "WhereIsABC" */;
			compatibilityVersion = "Xcode 9.3";
			developmentRegion = en;
			hasScannedForEncodings = 0;
			knownRegions = (
				en,
				Base,
			);
			mainGroup = 45C905D7257D28DD00465BD1;
			productRefGroup = 45C905E1257D28DD00465BD1 /* Products */;
			projectDirPath = "";
			projectRoot = "";
			targets = (
				45C905DF257D28DD00465BD1 /* WhereIsABC */,
				45C905F5257D28DE00465BD1 /* WhereIsABCTests */,
				45C90600257D28DE00465BD1 /* WhereIsABCUITests */,
			);
		};
/* End PBXProject section */

/* Begin PBXResourcesBuildPhase section */
		45C905DE257D28DD00465BD1 /* Resources */ = {
			isa = PBXResourcesBuildPhase;
			buildActionMask = 2147483647;
			files = (
				452FB94F258B6A6000A0C565 /* US_D.mp3 in Resources */,
				452FB937258B6A6000A0C565 /* US_H.mp3 in Resources */,
				452FB904258B6A5A00A0C565 /* UK_O.mp3 in Resources */,
				452FB8DD258B6A5000A0C565 /* correct2.mp3 in Resources */,
				452FB93A258B6A6000A0C565 /* US_X.mp3 in Resources */,
				452FB945258B6A6000A0C565 /* US_C.mp3 in Resources */,
				452FB93F258B6A6000A0C565 /* US_M.mp3 in Resources */,
				452FB909258B6A5A00A0C565 /* UK_V.mp3 in Resources */,
				452FB94A258B6A6000A0C565 /* US_P.mp3 in Resources */,
				452FB900258B6A5A00A0C565 /* UK_J.mp3 in Resources */,
				452FB90C258B6A5A00A0C565 /* UK_U.mp3 in Resources */,
				452FB939258B6A6000A0C565 /* US_K.mp3 in Resources */,
				45C905F0257D28DD00465BD1 /* LaunchScreen.storyboard in Resources */,
				452FB93E258B6A6000A0C565 /* US_L.mp3 in Resources */,
				452FB938258B6A6000A0C565 /* US_J.mp3 in Resources */,
				452FB94E258B6A6000A0C565 /* US_S.mp3 in Resources */,
				452FB8C2258A709000A0C565 /* correct.wav in Resources */,
				452FB93C258B6A6000A0C565 /* US_N.mp3 in Resources */,
				452FB949258B6A6000A0C565 /* US_Q.mp3 in Resources */,
				452FB94B258B6A6000A0C565 /* US_G.mp3 in Resources */,
				452FB8D8258A8CB600A0C565 /* GoogleService-Info.plist in Resources */,
				452FB8C1258A709000A0C565 /* bg.mp3 in Resources */,
				452FB906258B6A5A00A0C565 /* UK_Z.mp3 in Resources */,
				458931472582ADAE004A9BC9 /* beachday.ttf in Resources */,
				452FB912258B6A5A00A0C565 /* UK_F.mp3 in Resources */,
				452FB915258B6A5A00A0C565 /* UK_D.mp3 in Resources */,
				452FB907258B6A5A00A0C565 /* UK_L.mp3 in Resources */,
				452FB944258B6A6000A0C565 /* US_T.mp3 in Resources */,
				452FB8FF258B6A5A00A0C565 /* UK_K.mp3 in Resources */,
				452FB914258B6A5A00A0C565 /* UK_S.mp3 in Resources */,
				452FB90E258B6A5A00A0C565 /* UK_T.mp3 in Resources */,
				452FB90A258B6A5A00A0C565 /* UK_W.mp3 in Resources */,
				452FB947258B6A6000A0C565 /* US_U.mp3 in Resources */,
				452FB916258B6A5A00A0C565 /* UK_E.mp3 in Resources */,
				452FB943258B6A6000A0C565 /* US_V.mp3 in Resources */,
				452FB941258B6A6000A0C565 /* US_W.mp3 in Resources */,
				452FB8FE258B6A5A00A0C565 /* UK_I.mp3 in Resources */,
				452FB8C3258A709000A0C565 /* wrong.mp3 in Resources */,
				452FB93D258B6A6000A0C565 /* US_Y.mp3 in Resources */,
				458931482582ADAE004A9BC9 /* Bubble Bobble.ttf in Resources */,
				452FB942258B6A6000A0C565 /* US_A.mp3 in Resources */,
				452FB908258B6A5A00A0C565 /* UK_A.mp3 in Resources */,
				452FB911258B6A5A00A0C565 /* UK_G.mp3 in Resources */,
				452FB94C258B6A6000A0C565 /* US_E.mp3 in Resources */,
				452FB903258B6A5A00A0C565 /* UK_X.mp3 in Resources */,
				452FB94D258B6A6000A0C565 /* US_R.mp3 in Resources */,
				452FB8FD258B6A5A00A0C565 /* UK_H.mp3 in Resources */,
				452FB917258B6A5A00A0C565 /* UK_R.mp3 in Resources */,
				452FB901258B6A5A00A0C565 /* UK_N.mp3 in Resources */,
				452FB948258B6A6000A0C565 /* US_F.mp3 in Resources */,
				452FB905258B6A5A00A0C565 /* UK_M.mp3 in Resources */,
				452FB90F258B6A5A00A0C565 /* UK_C.mp3 in Resources */,
				452FB940258B6A6000A0C565 /* US_Z.mp3 in Resources */,
				452FB946258B6A6000A0C565 /* US_B.mp3 in Resources */,
				452FB913258B6A5A00A0C565 /* UK_Q.mp3 in Resources */,
				45C905ED257D28DD00465BD1 /* Assets.xcassets in Resources */,
				452FB93B258B6A6000A0C565 /* US_O.mp3 in Resources */,
				452FB90B258B6A5A00A0C565 /* UK_B.mp3 in Resources */,
				452FB936258B6A6000A0C565 /* US_I.mp3 in Resources */,
				452FB910258B6A5A00A0C565 /* UK_P.mp3 in Resources */,
				452FB902258B6A5A00A0C565 /* UK_Y.mp3 in Resources */,
				45C905EB257D28DD00465BD1 /* Main.storyboard in Resources */,
			);
			runOnlyForDeploymentPostprocessing = 0;
		};
		45C905F4257D28DE00465BD1 /* Resources */ = {
			isa = PBXResourcesBuildPhase;
			buildActionMask = 2147483647;
			files = (
			);
			runOnlyForDeploymentPostprocessing = 0;
		};
		45C905FF257D28DE00465BD1 /* Resources */ = {
			isa = PBXResourcesBuildPhase;
			buildActionMask = 2147483647;
			files = (
			);
			runOnlyForDeploymentPostprocessing = 0;
		};
/* End PBXResourcesBuildPhase section */

/* Begin PBXSourcesBuildPhase section */
		45C905DC257D28DD00465BD1 /* Sources */ = {
			isa = PBXSourcesBuildPhase;
			buildActionMask = 2147483647;
			files = (
				45893169258348C2004A9BC9 /* HomeViewController.swift in Sources */,
				45250B852585469700B1231D /* String+GameIcon.swift in Sources */,
				452FB97F258BAC3600A0C565 /* SAConfettiView.swift in Sources */,
				452FB8D3258A83B000A0C565 /* UIViewController+Utils.swift in Sources */,
				457A00382581BF1300C37417 /* SplashViewController.swift in Sources */,
				4589315B2582B719004A9BC9 /* BaseViewController.swift in Sources */,
				452FB977258BA37E00A0C565 /* GameModel.swift in Sources */,
				452FB8C8258A80C800A0C565 /* GameViewController.swift in Sources */,
				45C905E4257D28DD00465BD1 /* AppDelegate.swift in Sources */,
				452FB969258B970B00A0C565 /* Letter.swift in Sources */,
				45C905E6257D28DD00465BD1 /* SceneDelegate.swift in Sources */,
				452FB961258B948C00A0C565 /* AppDefaults.swift in Sources */,
				452FB957258B6C6A00A0C565 /* Delay.swift in Sources */,
				452FB95C258B88C400A0C565 /* SFX.swift in Sources */,
			);
			runOnlyForDeploymentPostprocessing = 0;
		};
		45C905F2257D28DE00465BD1 /* Sources */ = {
			isa = PBXSourcesBuildPhase;
			buildActionMask = 2147483647;
			files = (
				45250B9225854A7500B1231D /* UtilsTests.swift in Sources */,
			);
			runOnlyForDeploymentPostprocessing = 0;
		};
		45C905FD257D28DE00465BD1 /* Sources */ = {
			isa = PBXSourcesBuildPhase;
			buildActionMask = 2147483647;
			files = (
				45C90606257D28DE00465BD1 /* WhereIsABCUITests.swift in Sources */,
			);
			runOnlyForDeploymentPostprocessing = 0;
		};
/* End PBXSourcesBuildPhase section */

/* Begin PBXTargetDependency section */
		45C905F8257D28DE00465BD1 /* PBXTargetDependency */ = {
			isa = PBXTargetDependency;
			target = 45C905DF257D28DD00465BD1 /* WhereIsABC */;
			targetProxy = 45C905F7257D28DE00465BD1 /* PBXContainerItemProxy */;
		};
		45C90603257D28DE00465BD1 /* PBXTargetDependency */ = {
			isa = PBXTargetDependency;
			target = 45C905DF257D28DD00465BD1 /* WhereIsABC */;
			targetProxy = 45C90602257D28DE00465BD1 /* PBXContainerItemProxy */;
		};
/* End PBXTargetDependency section */

/* Begin PBXVariantGroup section */
		45C905E9257D28DD00465BD1 /* Main.storyboard */ = {
			isa = PBXVariantGroup;
			children = (
				45C905EA257D28DD00465BD1 /* Base */,
			);
			name = Main.storyboard;
			sourceTree = "<group>";
		};
		45C905EE257D28DD00465BD1 /* LaunchScreen.storyboard */ = {
			isa = PBXVariantGroup;
			children = (
				45C905EF257D28DD00465BD1 /* Base */,
			);
			name = LaunchScreen.storyboard;
			sourceTree = "<group>";
		};
/* End PBXVariantGroup section */

/* Begin XCBuildConfiguration section */
		45C90608257D28DE00465BD1 /* Debug */ = {
			isa = XCBuildConfiguration;
			buildSettings = {
				ALWAYS_SEARCH_USER_PATHS = NO;
				CLANG_ANALYZER_NONNULL = YES;
				CLANG_ANALYZER_NUMBER_OBJECT_CONVERSION = YES_AGGRESSIVE;
				CLANG_CXX_LANGUAGE_STANDARD = "gnu++14";
				CLANG_CXX_LIBRARY = "libc++";
				CLANG_ENABLE_MODULES = YES;
				CLANG_ENABLE_OBJC_ARC = YES;
				CLANG_ENABLE_OBJC_WEAK = YES;
				CLANG_WARN_BLOCK_CAPTURE_AUTORELEASING = YES;
				CLANG_WARN_BOOL_CONVERSION = YES;
				CLANG_WARN_COMMA = YES;
				CLANG_WARN_CONSTANT_CONVERSION = YES;
				CLANG_WARN_DEPRECATED_OBJC_IMPLEMENTATIONS = YES;
				CLANG_WARN_DIRECT_OBJC_ISA_USAGE = YES_ERROR;
				CLANG_WARN_DOCUMENTATION_COMMENTS = YES;
				CLANG_WARN_EMPTY_BODY = YES;
				CLANG_WARN_ENUM_CONVERSION = YES;
				CLANG_WARN_INFINITE_RECURSION = YES;
				CLANG_WARN_INT_CONVERSION = YES;
				CLANG_WARN_NON_LITERAL_NULL_CONVERSION = YES;
				CLANG_WARN_OBJC_IMPLICIT_RETAIN_SELF = YES;
				CLANG_WARN_OBJC_LITERAL_CONVERSION = YES;
				CLANG_WARN_OBJC_ROOT_CLASS = YES_ERROR;
				CLANG_WARN_QUOTED_INCLUDE_IN_FRAMEWORK_HEADER = YES;
				CLANG_WARN_RANGE_LOOP_ANALYSIS = YES;
				CLANG_WARN_STRICT_PROTOTYPES = YES;
				CLANG_WARN_SUSPICIOUS_MOVE = YES;
				CLANG_WARN_UNGUARDED_AVAILABILITY = YES_AGGRESSIVE;
				CLANG_WARN_UNREACHABLE_CODE = YES;
				CLANG_WARN__DUPLICATE_METHOD_MATCH = YES;
				COPY_PHASE_STRIP = NO;
				DEBUG_INFORMATION_FORMAT = dwarf;
				ENABLE_STRICT_OBJC_MSGSEND = YES;
				ENABLE_TESTABILITY = YES;
				GCC_C_LANGUAGE_STANDARD = gnu11;
				GCC_DYNAMIC_NO_PIC = NO;
				GCC_NO_COMMON_BLOCKS = YES;
				GCC_OPTIMIZATION_LEVEL = 0;
				GCC_PREPROCESSOR_DEFINITIONS = (
					"DEBUG=1",
					"$(inherited)",
				);
				GCC_WARN_64_TO_32_BIT_CONVERSION = YES;
				GCC_WARN_ABOUT_RETURN_TYPE = YES_ERROR;
				GCC_WARN_UNDECLARED_SELECTOR = YES;
				GCC_WARN_UNINITIALIZED_AUTOS = YES_AGGRESSIVE;
				GCC_WARN_UNUSED_FUNCTION = YES;
				GCC_WARN_UNUSED_VARIABLE = YES;
				IPHONEOS_DEPLOYMENT_TARGET = 14.2;
				MTL_ENABLE_DEBUG_INFO = INCLUDE_SOURCE;
				MTL_FAST_MATH = YES;
				ONLY_ACTIVE_ARCH = YES;
				SDKROOT = iphoneos;
				SWIFT_ACTIVE_COMPILATION_CONDITIONS = DEBUG;
				SWIFT_OPTIMIZATION_LEVEL = "-Onone";
			};
			name = Debug;
		};
		45C90609257D28DE00465BD1 /* Release */ = {
			isa = XCBuildConfiguration;
			buildSettings = {
				ALWAYS_SEARCH_USER_PATHS = NO;
				CLANG_ANALYZER_NONNULL = YES;
				CLANG_ANALYZER_NUMBER_OBJECT_CONVERSION = YES_AGGRESSIVE;
				CLANG_CXX_LANGUAGE_STANDARD = "gnu++14";
				CLANG_CXX_LIBRARY = "libc++";
				CLANG_ENABLE_MODULES = YES;
				CLANG_ENABLE_OBJC_ARC = YES;
				CLANG_ENABLE_OBJC_WEAK = YES;
				CLANG_WARN_BLOCK_CAPTURE_AUTORELEASING = YES;
				CLANG_WARN_BOOL_CONVERSION = YES;
				CLANG_WARN_COMMA = YES;
				CLANG_WARN_CONSTANT_CONVERSION = YES;
				CLANG_WARN_DEPRECATED_OBJC_IMPLEMENTATIONS = YES;
				CLANG_WARN_DIRECT_OBJC_ISA_USAGE = YES_ERROR;
				CLANG_WARN_DOCUMENTATION_COMMENTS = YES;
				CLANG_WARN_EMPTY_BODY = YES;
				CLANG_WARN_ENUM_CONVERSION = YES;
				CLANG_WARN_INFINITE_RECURSION = YES;
				CLANG_WARN_INT_CONVERSION = YES;
				CLANG_WARN_NON_LITERAL_NULL_CONVERSION = YES;
				CLANG_WARN_OBJC_IMPLICIT_RETAIN_SELF = YES;
				CLANG_WARN_OBJC_LITERAL_CONVERSION = YES;
				CLANG_WARN_OBJC_ROOT_CLASS = YES_ERROR;
				CLANG_WARN_QUOTED_INCLUDE_IN_FRAMEWORK_HEADER = YES;
				CLANG_WARN_RANGE_LOOP_ANALYSIS = YES;
				CLANG_WARN_STRICT_PROTOTYPES = YES;
				CLANG_WARN_SUSPICIOUS_MOVE = YES;
				CLANG_WARN_UNGUARDED_AVAILABILITY = YES_AGGRESSIVE;
				CLANG_WARN_UNREACHABLE_CODE = YES;
				CLANG_WARN__DUPLICATE_METHOD_MATCH = YES;
				COPY_PHASE_STRIP = NO;
				DEBUG_INFORMATION_FORMAT = "dwarf-with-dsym";
				ENABLE_NS_ASSERTIONS = NO;
				ENABLE_STRICT_OBJC_MSGSEND = YES;
				GCC_C_LANGUAGE_STANDARD = gnu11;
				GCC_NO_COMMON_BLOCKS = YES;
				GCC_WARN_64_TO_32_BIT_CONVERSION = YES;
				GCC_WARN_ABOUT_RETURN_TYPE = YES_ERROR;
				GCC_WARN_UNDECLARED_SELECTOR = YES;
				GCC_WARN_UNINITIALIZED_AUTOS = YES_AGGRESSIVE;
				GCC_WARN_UNUSED_FUNCTION = YES;
				GCC_WARN_UNUSED_VARIABLE = YES;
				IPHONEOS_DEPLOYMENT_TARGET = 14.2;
				MTL_ENABLE_DEBUG_INFO = NO;
				MTL_FAST_MATH = YES;
				SDKROOT = iphoneos;
				SWIFT_COMPILATION_MODE = wholemodule;
				SWIFT_OPTIMIZATION_LEVEL = "-O";
				VALIDATE_PRODUCT = YES;
			};
			name = Release;
		};
		45C9060B257D28DE00465BD1 /* Debug */ = {
			isa = XCBuildConfiguration;
			buildSettings = {
				ASSETCATALOG_COMPILER_APPICON_NAME = AppIcon;
				ASSETCATALOG_COMPILER_GLOBAL_ACCENT_COLOR_NAME = AccentColor;
				CODE_SIGN_STYLE = Automatic;
				CURRENT_PROJECT_VERSION = 2;
				DEVELOPMENT_TEAM = RE4YFXSB23;
				INFOPLIST_FILE = "$(SRCROOT)/WhereIsABC/Plist/Info.plist";
				IPHONEOS_DEPLOYMENT_TARGET = 13.0;
				LD_RUNPATH_SEARCH_PATHS = (
					"$(inherited)",
					"@executable_path/Frameworks",
				);
				MARKETING_VERSION = 1.0.0;
				PRODUCT_BUNDLE_IDENTIFIER = com.glennposadas.kidsgames.whereisabc;
				PRODUCT_NAME = "$(TARGET_NAME)";
				SWIFT_VERSION = 5.0;
				TARGETED_DEVICE_FAMILY = "1,2";
			};
			name = Debug;
		};
		45C9060C257D28DE00465BD1 /* Release */ = {
			isa = XCBuildConfiguration;
			buildSettings = {
				ASSETCATALOG_COMPILER_APPICON_NAME = AppIcon;
				ASSETCATALOG_COMPILER_GLOBAL_ACCENT_COLOR_NAME = AccentColor;
				CODE_SIGN_STYLE = Automatic;
				CURRENT_PROJECT_VERSION = 2;
				DEVELOPMENT_TEAM = RE4YFXSB23;
				INFOPLIST_FILE = "$(SRCROOT)/WhereIsABC/Plist/Info.plist";
				IPHONEOS_DEPLOYMENT_TARGET = 13.0;
				LD_RUNPATH_SEARCH_PATHS = (
					"$(inherited)",
					"@executable_path/Frameworks",
				);
				MARKETING_VERSION = 1.0.0;
				PRODUCT_BUNDLE_IDENTIFIER = com.glennposadas.kidsgames.whereisabc;
				PRODUCT_NAME = "$(TARGET_NAME)";
				SWIFT_VERSION = 5.0;
				TARGETED_DEVICE_FAMILY = "1,2";
			};
			name = Release;
		};
		45C9060E257D28DE00465BD1 /* Debug */ = {
			isa = XCBuildConfiguration;
			buildSettings = {
				ALWAYS_EMBED_SWIFT_STANDARD_LIBRARIES = YES;
				BUNDLE_LOADER = "$(TEST_HOST)";
				CLANG_ENABLE_MODULES = YES;
				CODE_SIGN_STYLE = Automatic;
				DEVELOPMENT_TEAM = RE4YFXSB23;
				INFOPLIST_FILE = WhereIsABCTests/Info.plist;
				IPHONEOS_DEPLOYMENT_TARGET = 14.2;
				LD_RUNPATH_SEARCH_PATHS = (
					"$(inherited)",
					"@executable_path/Frameworks",
					"@loader_path/Frameworks",
				);
				PRODUCT_BUNDLE_IDENTIFIER = com.glennposadas.kidsgames.WhereIsABCTests;
				PRODUCT_NAME = "$(TARGET_NAME)";
				SWIFT_OBJC_BRIDGING_HEADER = "WhereIsABCTests/WhereIsABCTests-Bridging-Header.h";
				SWIFT_OPTIMIZATION_LEVEL = "-Onone";
				SWIFT_VERSION = 5.0;
				TARGETED_DEVICE_FAMILY = "1,2";
				TEST_HOST = "$(BUILT_PRODUCTS_DIR)/WhereIsABC.app/WhereIsABC";
			};
			name = Debug;
		};
		45C9060F257D28DE00465BD1 /* Release */ = {
			isa = XCBuildConfiguration;
			buildSettings = {
				ALWAYS_EMBED_SWIFT_STANDARD_LIBRARIES = YES;
				BUNDLE_LOADER = "$(TEST_HOST)";
				CLANG_ENABLE_MODULES = YES;
				CODE_SIGN_STYLE = Automatic;
				DEVELOPMENT_TEAM = RE4YFXSB23;
				INFOPLIST_FILE = WhereIsABCTests/Info.plist;
				IPHONEOS_DEPLOYMENT_TARGET = 14.2;
				LD_RUNPATH_SEARCH_PATHS = (
					"$(inherited)",
					"@executable_path/Frameworks",
					"@loader_path/Frameworks",
				);
				PRODUCT_BUNDLE_IDENTIFIER = com.glennposadas.kidsgames.WhereIsABCTests;
				PRODUCT_NAME = "$(TARGET_NAME)";
				SWIFT_OBJC_BRIDGING_HEADER = "WhereIsABCTests/WhereIsABCTests-Bridging-Header.h";
				SWIFT_VERSION = 5.0;
				TARGETED_DEVICE_FAMILY = "1,2";
				TEST_HOST = "$(BUILT_PRODUCTS_DIR)/WhereIsABC.app/WhereIsABC";
			};
			name = Release;
		};
		45C90611257D28DE00465BD1 /* Debug */ = {
			isa = XCBuildConfiguration;
			buildSettings = {
				ALWAYS_EMBED_SWIFT_STANDARD_LIBRARIES = YES;
				CODE_SIGN_STYLE = Automatic;
				DEVELOPMENT_TEAM = RE4YFXSB23;
				INFOPLIST_FILE = WhereIsABCUITests/Info.plist;
				LD_RUNPATH_SEARCH_PATHS = (
					"$(inherited)",
					"@executable_path/Frameworks",
					"@loader_path/Frameworks",
				);
				PRODUCT_BUNDLE_IDENTIFIER = com.glennposadas.kidsgames.WhereIsABCUITests;
				PRODUCT_NAME = "$(TARGET_NAME)";
				SWIFT_VERSION = 5.0;
				TARGETED_DEVICE_FAMILY = "1,2";
				TEST_TARGET_NAME = WhereIsABC;
			};
			name = Debug;
		};
		45C90612257D28DE00465BD1 /* Release */ = {
			isa = XCBuildConfiguration;
			buildSettings = {
				ALWAYS_EMBED_SWIFT_STANDARD_LIBRARIES = YES;
				CODE_SIGN_STYLE = Automatic;
				DEVELOPMENT_TEAM = RE4YFXSB23;
				INFOPLIST_FILE = WhereIsABCUITests/Info.plist;
				LD_RUNPATH_SEARCH_PATHS = (
					"$(inherited)",
					"@executable_path/Frameworks",
					"@loader_path/Frameworks",
				);
				PRODUCT_BUNDLE_IDENTIFIER = com.glennposadas.kidsgames.WhereIsABCUITests;
				PRODUCT_NAME = "$(TARGET_NAME)";
				SWIFT_VERSION = 5.0;
				TARGETED_DEVICE_FAMILY = "1,2";
				TEST_TARGET_NAME = WhereIsABC;
			};
			name = Release;
		};
/* End XCBuildConfiguration section */

/* Begin XCConfigurationList section */
		45C905DB257D28DD00465BD1 /* Build configuration list for PBXProject "WhereIsABC" */ = {
			isa = XCConfigurationList;
			buildConfigurations = (
				45C90608257D28DE00465BD1 /* Debug */,
				45C90609257D28DE00465BD1 /* Release */,
			);
			defaultConfigurationIsVisible = 0;
			defaultConfigurationName = Release;
		};
		45C9060A257D28DE00465BD1 /* Build configuration list for PBXNativeTarget "WhereIsABC" */ = {
			isa = XCConfigurationList;
			buildConfigurations = (
				45C9060B257D28DE00465BD1 /* Debug */,
				45C9060C257D28DE00465BD1 /* Release */,
			);
			defaultConfigurationIsVisible = 0;
			defaultConfigurationName = Release;
		};
		45C9060D257D28DE00465BD1 /* Build configuration list for PBXNativeTarget "WhereIsABCTests" */ = {
			isa = XCConfigurationList;
			buildConfigurations = (
				45C9060E257D28DE00465BD1 /* Debug */,
				45C9060F257D28DE00465BD1 /* Release */,
			);
			defaultConfigurationIsVisible = 0;
			defaultConfigurationName = Release;
		};
		45C90610257D28DE00465BD1 /* Build configuration list for PBXNativeTarget "WhereIsABCUITests" */ = {
			isa = XCConfigurationList;
			buildConfigurations = (
				45C90611257D28DE00465BD1 /* Debug */,
				45C90612257D28DE00465BD1 /* Release */,
			);
			defaultConfigurationIsVisible = 0;
			defaultConfigurationName = Release;
		};
/* End XCConfigurationList section */
	};
	rootObject = 45C905D8257D28DD00465BD1 /* Project object */;
}
