// !$*UTF8*$!
{
	archiveVersion = 1;
	classes = {
	};
	objectVersion = 51;
	objects = {

/* Begin PBXBuildFile section */
		45250B852585469700B1231D /* String+GameIcon.swift in Sources */ = {isa = PBXBuildFile; fileRef = 45250B842585469700B1231D /* String+GameIcon.swift */; };
		45250B9225854A7500B1231D /* UtilsTests.swift in Sources */ = {isa = PBXBuildFile; fileRef = 45250B9125854A7500B1231D /* UtilsTests.swift */; };
		452515222586786C000E4935 /* WIAButton.swift in Sources */ = {isa = PBXBuildFile; fileRef = 452515212586786C000E4935 /* WIAButton.swift */; };
		4525152B25873DC2000E4935 /* GoogleService-Info.plist in Resources */ = {isa = PBXBuildFile; fileRef = 4525152A25873DC2000E4935 /* GoogleService-Info.plist */; };
		457A00382581BF1300C37417 /* SplashViewController.swift in Sources */ = {isa = PBXBuildFile; fileRef = 457A00372581BF1300C37417 /* SplashViewController.swift */; };
		458931472582ADAE004A9BC9 /* beachday.ttf in Resources */ = {isa = PBXBuildFile; fileRef = 458931452582ADAE004A9BC9 /* beachday.ttf */; };
		458931482582ADAE004A9BC9 /* Bubble Bobble.ttf in Resources */ = {isa = PBXBuildFile; fileRef = 458931462582ADAE004A9BC9 /* Bubble Bobble.ttf */; };
		4589315B2582B719004A9BC9 /* BaseViewController.swift in Sources */ = {isa = PBXBuildFile; fileRef = 4589315A2582B719004A9BC9 /* BaseViewController.swift */; };
		45893169258348C2004A9BC9 /* HomeViewController.swift in Sources */ = {isa = PBXBuildFile; fileRef = 45893168258348C2004A9BC9 /* HomeViewController.swift */; };
		45C905E4257D28DD00465BD1 /* AppDelegate.swift in Sources */ = {isa = PBXBuildFile; fileRef = 45C905E3257D28DD00465BD1 /* AppDelegate.swift */; };
		45C905E6257D28DD00465BD1 /* SceneDelegate.swift in Sources */ = {isa = PBXBuildFile; fileRef = 45C905E5257D28DD00465BD1 /* SceneDelegate.swift */; };
		45C905EB257D28DD00465BD1 /* Main.storyboard in Resources */ = {isa = PBXBuildFile; fileRef = 45C905E9257D28DD00465BD1 /* Main.storyboard */; };
		45C905ED257D28DD00465BD1 /* Assets.xcassets in Resources */ = {isa = PBXBuildFile; fileRef = 45C905EC257D28DD00465BD1 /* Assets.xcassets */; };
		45C905F0257D28DD00465BD1 /* LaunchScreen.storyboard in Resources */ = {isa = PBXBuildFile; fileRef = 45C905EE257D28DD00465BD1 /* LaunchScreen.storyboard */; };
		45C90606257D28DE00465BD1 /* WhereIsABCUITests.swift in Sources */ = {isa = PBXBuildFile; fileRef = 45C90605257D28DE00465BD1 /* WhereIsABCUITests.swift */; };
		4E8CBAE350B8E862EEDE2C91 /* Pods_WhereIsABCUITests.framework in Frameworks */ = {isa = PBXBuildFile; fileRef = 2CC89AD388583557B0D1C723 /* Pods_WhereIsABCUITests.framework */; };
		66781445B35B35CB3CA89925 /* Pods_WhereIsABC.framework in Frameworks */ = {isa = PBXBuildFile; fileRef = 3E3E0662BD1FE04D3977A7CF /* Pods_WhereIsABC.framework */; };
		D51094539FE1D02BACF99C8F /* Pods_WhereIsABCTests.framework in Frameworks */ = {isa = PBXBuildFile; fileRef = A7F2CCCF696BC48619C24EA6 /* Pods_WhereIsABCTests.framework */; };
/* End PBXBuildFile section */

/* Begin PBXContainerItemProxy section */
		45C905F7257D28DE00465BD1 /* PBXContainerItemProxy */ = {
			isa = PBXContainerItemProxy;
			containerPortal = 45C905D8257D28DD00465BD1 /* Project object */;
			proxyType = 1;
			remoteGlobalIDString = 45C905DF257D28DD00465BD1;
			remoteInfo = WhereIsABC;
		};
		45C90602257D28DE00465BD1 /* PBXContainerItemProxy */ = {
			isa = PBXContainerItemProxy;
			containerPortal = 45C905D8257D28DD00465BD1 /* Project object */;
			proxyType = 1;
			remoteGlobalIDString = 45C905DF257D28DD00465BD1;
			remoteInfo = WhereIsABC;
		};
/* End PBXContainerItemProxy section */

/* Begin PBXFileReference section */
		10F14F068D23F52D88DED722 /* Pods-WhereIsABC-WhereIsABCUITests.release.xcconfig */ = {isa = PBXFileReference; includeInIndex = 1; lastKnownFileType = text.xcconfig; name = "Pods-WhereIsABC-WhereIsABCUITests.release.xcconfig"; path = "Target Support Files/Pods-WhereIsABC-WhereIsABCUITests/Pods-WhereIsABC-WhereIsABCUITests.release.xcconfig"; sourceTree = "<group>"; };
		20D21D44B2F0055528911BEA /* Pods-WhereIsABCTests.release.xcconfig */ = {isa = PBXFileReference; includeInIndex = 1; lastKnownFileType = text.xcconfig; name = "Pods-WhereIsABCTests.release.xcconfig"; path = "Target Support Files/Pods-WhereIsABCTests/Pods-WhereIsABCTests.release.xcconfig"; sourceTree = "<group>"; };
		2CC89AD388583557B0D1C723 /* Pods_WhereIsABCUITests.framework */ = {isa = PBXFileReference; explicitFileType = wrapper.framework; includeInIndex = 0; path = Pods_WhereIsABCUITests.framework; sourceTree = BUILT_PRODUCTS_DIR; };
		3E3E0662BD1FE04D3977A7CF /* Pods_WhereIsABC.framework */ = {isa = PBXFileReference; explicitFileType = wrapper.framework; includeInIndex = 0; path = Pods_WhereIsABC.framework; sourceTree = BUILT_PRODUCTS_DIR; };
		45250B842585469700B1231D /* String+GameIcon.swift */ = {isa = PBXFileReference; lastKnownFileType = sourcecode.swift; path = "String+GameIcon.swift"; sourceTree = "<group>"; };
		45250B9025854A7500B1231D /* WhereIsABCTests-Bridging-Header.h */ = {isa = PBXFileReference; lastKnownFileType = sourcecode.c.h; path = "WhereIsABCTests-Bridging-Header.h"; sourceTree = "<group>"; };
		45250B9125854A7500B1231D /* UtilsTests.swift */ = {isa = PBXFileReference; lastKnownFileType = sourcecode.swift; path = UtilsTests.swift; sourceTree = "<group>"; };
		452515212586786C000E4935 /* WIAButton.swift */ = {isa = PBXFileReference; lastKnownFileType = sourcecode.swift; path = WIAButton.swift; sourceTree = "<group>"; };
		4525152A25873DC2000E4935 /* GoogleService-Info.plist */ = {isa = PBXFileReference; fileEncoding = 4; lastKnownFileType = text.plist.xml; name = "GoogleService-Info.plist"; path = "../../../../../../Downloads/GoogleService-Info.plist"; sourceTree = "<group>"; };
		457A00372581BF1300C37417 /* SplashViewController.swift */ = {isa = PBXFileReference; lastKnownFileType = sourcecode.swift; path = SplashViewController.swift; sourceTree = "<group>"; };
		458931452582ADAE004A9BC9 /* beachday.ttf */ = {isa = PBXFileReference; lastKnownFileType = file; path = beachday.ttf; sourceTree = "<group>"; };
		458931462582ADAE004A9BC9 /* Bubble Bobble.ttf */ = {isa = PBXFileReference; lastKnownFileType = file; path = "Bubble Bobble.ttf"; sourceTree = "<group>"; };
		4589315A2582B719004A9BC9 /* BaseViewController.swift */ = {isa = PBXFileReference; lastKnownFileType = sourcecode.swift; path = BaseViewController.swift; sourceTree = "<group>"; };
		45893168258348C2004A9BC9 /* HomeViewController.swift */ = {isa = PBXFileReference; lastKnownFileType = sourcecode.swift; name = HomeViewController.swift; path = WhereIsABC/Views/HomeViewController.swift; sourceTree = SOURCE_ROOT; };
		45C905E0257D28DD00465BD1 /* WhereIsABC.app */ = {isa = PBXFileReference; explicitFileType = wrapper.application; includeInIndex = 0; path = WhereIsABC.app; sourceTree = BUILT_PRODUCTS_DIR; };
		45C905E3257D28DD00465BD1 /* AppDelegate.swift */ = {isa = PBXFileReference; lastKnownFileType = sourcecode.swift; path = AppDelegate.swift; sourceTree = "<group>"; };
		45C905E5257D28DD00465BD1 /* SceneDelegate.swift */ = {isa = PBXFileReference; lastKnownFileType = sourcecode.swift; path = SceneDelegate.swift; sourceTree = "<group>"; };
		45C905EA257D28DD00465BD1 /* Base */ = {isa = PBXFileReference; lastKnownFileType = file.storyboard; name = Base; path = Base.lproj/Main.storyboard; sourceTree = "<group>"; };
		45C905EC257D28DD00465BD1 /* Assets.xcassets */ = {isa = PBXFileReference; lastKnownFileType = folder.assetcatalog; path = Assets.xcassets; sourceTree = "<group>"; };
		45C905EF257D28DD00465BD1 /* Base */ = {isa = PBXFileReference; lastKnownFileType = file.storyboard; name = Base; path = Base.lproj/LaunchScreen.storyboard; sourceTree = "<group>"; };
		45C905F1257D28DD00465BD1 /* Info.plist */ = {isa = PBXFileReference; lastKnownFileType = text.plist.xml; path = Info.plist; sourceTree = "<group>"; };
		45C905F6257D28DE00465BD1 /* WhereIsABCTests.xctest */ = {isa = PBXFileReference; explicitFileType = wrapper.cfbundle; includeInIndex = 0; path = WhereIsABCTests.xctest; sourceTree = BUILT_PRODUCTS_DIR; };
		45C905FC257D28DE00465BD1 /* Info.plist */ = {isa = PBXFileReference; lastKnownFileType = text.plist.xml; path = Info.plist; sourceTree = "<group>"; };
		45C90601257D28DE00465BD1 /* WhereIsABCUITests.xctest */ = {isa = PBXFileReference; explicitFileType = wrapper.cfbundle; includeInIndex = 0; path = WhereIsABCUITests.xctest; sourceTree = BUILT_PRODUCTS_DIR; };
		45C90605257D28DE00465BD1 /* WhereIsABCUITests.swift */ = {isa = PBXFileReference; lastKnownFileType = sourcecode.swift; path = WhereIsABCUITests.swift; sourceTree = "<group>"; };
		45C90607257D28DE00465BD1 /* Info.plist */ = {isa = PBXFileReference; lastKnownFileType = text.plist.xml; path = Info.plist; sourceTree = "<group>"; };
		46DE197EA09C9D945DF07AF5 /* Pods-WhereIsABC-WhereIsABCUITests.debug.xcconfig */ = {isa = PBXFileReference; includeInIndex = 1; lastKnownFileType = text.xcconfig; name = "Pods-WhereIsABC-WhereIsABCUITests.debug.xcconfig"; path = "Target Support Files/Pods-WhereIsABC-WhereIsABCUITests/Pods-WhereIsABC-WhereIsABCUITests.debug.xcconfig"; sourceTree = "<group>"; };
		4C629D674B9EC71B5C982465 /* Pods-WhereIsABCUITests.release.xcconfig */ = {isa = PBXFileReference; includeInIndex = 1; lastKnownFileType = text.xcconfig; name = "Pods-WhereIsABCUITests.release.xcconfig"; path = "Target Support Files/Pods-WhereIsABCUITests/Pods-WhereIsABCUITests.release.xcconfig"; sourceTree = "<group>"; };
		4E2C8A6566DA6B812F13CBA2 /* Pods-WhereIsABC.debug.xcconfig */ = {isa = PBXFileReference; includeInIndex = 1; lastKnownFileType = text.xcconfig; name = "Pods-WhereIsABC.debug.xcconfig"; path = "Target Support Files/Pods-WhereIsABC/Pods-WhereIsABC.debug.xcconfig"; sourceTree = "<group>"; };
		5EFB5B1211088CAB4E31CBFF /* Pods-WhereIsABC.release.xcconfig */ = {isa = PBXFileReference; includeInIndex = 1; lastKnownFileType = text.xcconfig; name = "Pods-WhereIsABC.release.xcconfig"; path = "Target Support Files/Pods-WhereIsABC/Pods-WhereIsABC.release.xcconfig"; sourceTree = "<group>"; };
		7FA65DDE2E956CD14CCCF035 /* Pods-WhereIsABCTests.debug.xcconfig */ = {isa = PBXFileReference; includeInIndex = 1; lastKnownFileType = text.xcconfig; name = "Pods-WhereIsABCTests.debug.xcconfig"; path = "Target Support Files/Pods-WhereIsABCTests/Pods-WhereIsABCTests.debug.xcconfig"; sourceTree = "<group>"; };
		98936D31821012656CF76D29 /* Pods-WhereIsABCUITests.debug.xcconfig */ = {isa = PBXFileReference; includeInIndex = 1; lastKnownFileType = text.xcconfig; name = "Pods-WhereIsABCUITests.debug.xcconfig"; path = "Target Support Files/Pods-WhereIsABCUITests/Pods-WhereIsABCUITests.debug.xcconfig"; sourceTree = "<group>"; };
		A7F2CCCF696BC48619C24EA6 /* Pods_WhereIsABCTests.framework */ = {isa = PBXFileReference; explicitFileType = wrapper.framework; includeInIndex = 0; path = Pods_WhereIsABCTests.framework; sourceTree = BUILT_PRODUCTS_DIR; };
/* End PBXFileReference section */

/* Begin PBXFrameworksBuildPhase section */
		45C905DD257D28DD00465BD1 /* Frameworks */ = {
			isa = PBXFrameworksBuildPhase;
			buildActionMask = 2147483647;
			files = (
				66781445B35B35CB3CA89925 /* Pods_WhereIsABC.framework in Frameworks */,
			);
			runOnlyForDeploymentPostprocessing = 0;
		};
		45C905F3257D28DE00465BD1 /* Frameworks */ = {
			isa = PBXFrameworksBuildPhase;
			buildActionMask = 2147483647;
			files = (
				D51094539FE1D02BACF99C8F /* Pods_WhereIsABCTests.framework in Frameworks */,
			);
			runOnlyForDeploymentPostprocessing = 0;
		};
		45C905FE257D28DE00465BD1 /* Frameworks */ = {
			isa = PBXFrameworksBuildPhase;
			buildActionMask = 2147483647;
			files = (
				4E8CBAE350B8E862EEDE2C91 /* Pods_WhereIsABCUITests.framework in Frameworks */,
			);
			runOnlyForDeploymentPostprocessing = 0;
		};
/* End PBXFrameworksBuildPhase section */

/* Begin PBXGroup section */
		45250B89258546A100B1231D /* Utils */ = {
			isa = PBXGroup;
			children = (
				45250B842585469700B1231D /* String+GameIcon.swift */,
			);
			path = Utils;
			sourceTree = "<group>";
		};
		4525152625868F08000E4935 /* SFX */ = {
			isa = PBXGroup;
			children = (
			);
			path = SFX;
			sourceTree = "<group>";
		};
		457A002C25815C3500C37417 /* App */ = {
			isa = PBXGroup;
			children = (
				45C905E3257D28DD00465BD1 /* AppDelegate.swift */,
				45C905E5257D28DD00465BD1 /* SceneDelegate.swift */,
			);
			path = App;
			sourceTree = "<group>";
		};
		457A002D25815C3A00C37417 /* Views */ = {
			isa = PBXGroup;
			children = (
				458931592582B70E004A9BC9 /* Base */,
				45C905E9257D28DD00465BD1 /* Main.storyboard */,
				457A00372581BF1300C37417 /* SplashViewController.swift */,
			);
			path = Views;
			sourceTree = "<group>";
		};
		457A002E25815C4100C37417 /* Models */ = {
			isa = PBXGroup;
			children = (
			);
			path = Models;
			sourceTree = "<group>";
		};
		457A002F25815C4700C37417 /* Plist */ = {
			isa = PBXGroup;
			children = (
				458931442582AD71004A9BC9 /* Fonts */,
				4525152A25873DC2000E4935 /* GoogleService-Info.plist */,
				45C905F1257D28DD00465BD1 /* Info.plist */,
			);
			path = Plist;
			sourceTree = "<group>";
		};
		457A003025815C4F00C37417 /* Resources */ = {
			isa = PBXGroup;
			children = (
				4525152625868F08000E4935 /* SFX */,
				45C905EC257D28DD00465BD1 /* Assets.xcassets */,
				45C905EE257D28DD00465BD1 /* LaunchScreen.storyboard */,
			);
			path = Resources;
			sourceTree = "<group>";
		};
		458931442582AD71004A9BC9 /* Fonts */ = {
			isa = PBXGroup;
			children = (
				458931452582ADAE004A9BC9 /* beachday.ttf */,
				458931462582ADAE004A9BC9 /* Bubble Bobble.ttf */,
			);
			path = Fonts;
			sourceTree = "<group>";
		};
		458931592582B70E004A9BC9 /* Base */ = {
			isa = PBXGroup;
			children = (
				4589315A2582B719004A9BC9 /* BaseViewController.swift */,
				45893168258348C2004A9BC9 /* HomeViewController.swift */,
				452515212586786C000E4935 /* WIAButton.swift */,
			);
			path = Base;
			sourceTree = "<group>";
		};
		45C905D7257D28DD00465BD1 = {
			isa = PBXGroup;
			children = (
				45C905E2257D28DD00465BD1 /* WhereIsABC */,
				45C905F9257D28DE00465BD1 /* WhereIsABCTests */,
				45C90604257D28DE00465BD1 /* WhereIsABCUITests */,
				45C905E1257D28DD00465BD1 /* Products */,
				8CE1711DE03ADA554F997600 /* Pods */,
				B63AF972AF0F3BA4643784D9 /* Frameworks */,
			);
			sourceTree = "<group>";
		};
		45C905E1257D28DD00465BD1 /* Products */ = {
			isa = PBXGroup;
			children = (
				45C905E0257D28DD00465BD1 /* WhereIsABC.app */,
				45C905F6257D28DE00465BD1 /* WhereIsABCTests.xctest */,
				45C90601257D28DE00465BD1 /* WhereIsABCUITests.xctest */,
			);
			name = Products;
			sourceTree = "<group>";
		};
		45C905E2257D28DD00465BD1 /* WhereIsABC */ = {
			isa = PBXGroup;
			children = (
				457A002C25815C3500C37417 /* App */,
				457A002E25815C4100C37417 /* Models */,
				457A002D25815C3A00C37417 /* Views */,
				457A002F25815C4700C37417 /* Plist */,
				45250B89258546A100B1231D /* Utils */,
				457A003025815C4F00C37417 /* Resources */,
			);
			path = WhereIsABC;
			sourceTree = "<group>";
		};
		45C905F9257D28DE00465BD1 /* WhereIsABCTests */ = {
			isa = PBXGroup;
			children = (
				45C905FC257D28DE00465BD1 /* Info.plist */,
				45250B9125854A7500B1231D /* UtilsTests.swift */,
				45250B9025854A7500B1231D /* WhereIsABCTests-Bridging-Header.h */,
			);
			path = WhereIsABCTests;
			sourceTree = "<group>";
		};
		45C90604257D28DE00465BD1 /* WhereIsABCUITests */ = {
			isa = PBXGroup;
			children = (
				45C90605257D28DE00465BD1 /* WhereIsABCUITests.swift */,
				45C90607257D28DE00465BD1 /* Info.plist */,
			);
			path = WhereIsABCUITests;
			sourceTree = "<group>";
		};
		8CE1711DE03ADA554F997600 /* Pods */ = {
			isa = PBXGroup;
			children = (
				4E2C8A6566DA6B812F13CBA2 /* Pods-WhereIsABC.debug.xcconfig */,
				5EFB5B1211088CAB4E31CBFF /* Pods-WhereIsABC.release.xcconfig */,
				46DE197EA09C9D945DF07AF5 /* Pods-WhereIsABC-WhereIsABCUITests.debug.xcconfig */,
				10F14F068D23F52D88DED722 /* Pods-WhereIsABC-WhereIsABCUITests.release.xcconfig */,
				7FA65DDE2E956CD14CCCF035 /* Pods-WhereIsABCTests.debug.xcconfig */,
				20D21D44B2F0055528911BEA /* Pods-WhereIsABCTests.release.xcconfig */,
				98936D31821012656CF76D29 /* Pods-WhereIsABCUITests.debug.xcconfig */,
				4C629D674B9EC71B5C982465 /* Pods-WhereIsABCUITests.release.xcconfig */,
			);
			path = Pods;
			sourceTree = "<group>";
		};
		B63AF972AF0F3BA4643784D9 /* Frameworks */ = {
			isa = PBXGroup;
			children = (
				3E3E0662BD1FE04D3977A7CF /* Pods_WhereIsABC.framework */,
				A7F2CCCF696BC48619C24EA6 /* Pods_WhereIsABCTests.framework */,
				2CC89AD388583557B0D1C723 /* Pods_WhereIsABCUITests.framework */,
			);
			name = Frameworks;
			sourceTree = "<group>";
		};
/* End PBXGroup section */

/* Begin PBXNativeTarget section */
		45C905DF257D28DD00465BD1 /* WhereIsABC */ = {
			isa = PBXNativeTarget;
			buildConfigurationList = 45C9060A257D28DE00465BD1 /* Build configuration list for PBXNativeTarget "WhereIsABC" */;
			buildPhases = (
				AC7130011BADEAB2D42F3171 /* [CP] Check Pods Manifest.lock */,
				1851B016170C405D95AA27E2 /* [CP] Prepare Artifacts */,
				45C905DC257D28DD00465BD1 /* Sources */,
				45C905DD257D28DD00465BD1 /* Frameworks */,
				45C905DE257D28DD00465BD1 /* Resources */,
				C99C6559F78418FBE419FC91 /* [CP] Embed Pods Frameworks */,
			);
			buildRules = (
			);
			dependencies = (
			);
			name = WhereIsABC;
			productName = WhereIsABC;
			productReference = 45C905E0257D28DD00465BD1 /* WhereIsABC.app */;
			productType = "com.apple.product-type.application";
		};
		45C905F5257D28DE00465BD1 /* WhereIsABCTests */ = {
			isa = PBXNativeTarget;
			buildConfigurationList = 45C9060D257D28DE00465BD1 /* Build configuration list for PBXNativeTarget "WhereIsABCTests" */;
			buildPhases = (
				00D53CC7C0472DA025A512F4 /* [CP] Check Pods Manifest.lock */,
				45C905F2257D28DE00465BD1 /* Sources */,
				45C905F3257D28DE00465BD1 /* Frameworks */,
				45C905F4257D28DE00465BD1 /* Resources */,
			);
			buildRules = (
			);
			dependencies = (
				45C905F8257D28DE00465BD1 /* PBXTargetDependency */,
			);
			name = WhereIsABCTests;
			productName = WhereIsABCTests;
			productReference = 45C905F6257D28DE00465BD1 /* WhereIsABCTests.xctest */;
			productType = "com.apple.product-type.bundle.unit-test";
		};
		45C90600257D28DE00465BD1 /* WhereIsABCUITests */ = {
			isa = PBXNativeTarget;
			buildConfigurationList = 45C90610257D28DE00465BD1 /* Build configuration list for PBXNativeTarget "WhereIsABCUITests" */;
			buildPhases = (
				0B37898BC062A5D99AFE70FE /* [CP] Check Pods Manifest.lock */,
				45C905FD257D28DE00465BD1 /* Sources */,
				45C905FE257D28DE00465BD1 /* Frameworks */,
				45C905FF257D28DE00465BD1 /* Resources */,
			);
			buildRules = (
			);
			dependencies = (
				45C90603257D28DE00465BD1 /* PBXTargetDependency */,
			);
			name = WhereIsABCUITests;
			productName = WhereIsABCUITests;
			productReference = 45C90601257D28DE00465BD1 /* WhereIsABCUITests.xctest */;
			productType = "com.apple.product-type.bundle.ui-testing";
		};
/* End PBXNativeTarget section */

/* Begin PBXProject section */
		45C905D8257D28DD00465BD1 /* Project object */ = {
			isa = PBXProject;
			attributes = {
				LastSwiftUpdateCheck = 1220;
				LastUpgradeCheck = 1220;
				TargetAttributes = {
					45C905DF257D28DD00465BD1 = {
						CreatedOnToolsVersion = 12.2;
					};
					45C905F5257D28DE00465BD1 = {
						CreatedOnToolsVersion = 12.2;
						LastSwiftMigration = 1220;
						TestTargetID = 45C905DF257D28DD00465BD1;
					};
					45C90600257D28DE00465BD1 = {
						CreatedOnToolsVersion = 12.2;
						TestTargetID = 45C905DF257D28DD00465BD1;
					};
				};
			};
			buildConfigurationList = 45C905DB257D28DD00465BD1 /* Build configuration list for PBXProject "WhereIsABC" */;
			compatibilityVersion = "Xcode 9.3";
			developmentRegion = en;
			hasScannedForEncodings = 0;
			knownRegions = (
				en,
				Base,
			);
			mainGroup = 45C905D7257D28DD00465BD1;
			productRefGroup = 45C905E1257D28DD00465BD1 /* Products */;
			projectDirPath = "";
			projectRoot = "";
			targets = (
				45C905DF257D28DD00465BD1 /* WhereIsABC */,
				45C905F5257D28DE00465BD1 /* WhereIsABCTests */,
				45C90600257D28DE00465BD1 /* WhereIsABCUITests */,
			);
		};
/* End PBXProject section */

/* Begin PBXResourcesBuildPhase section */
		45C905DE257D28DD00465BD1 /* Resources */ = {
			isa = PBXResourcesBuildPhase;
			buildActionMask = 2147483647;
			files = (
				45C905F0257D28DD00465BD1 /* LaunchScreen.storyboard in Resources */,
				458931472582ADAE004A9BC9 /* beachday.ttf in Resources */,
				458931482582ADAE004A9BC9 /* Bubble Bobble.ttf in Resources */,
				45C905ED257D28DD00465BD1 /* Assets.xcassets in Resources */,
				45C905EB257D28DD00465BD1 /* Main.storyboard in Resources */,
				4525152B25873DC2000E4935 /* GoogleService-Info.plist in Resources */,
			);
			runOnlyForDeploymentPostprocessing = 0;
		};
		45C905F4257D28DE00465BD1 /* Resources */ = {
			isa = PBXResourcesBuildPhase;
			buildActionMask = 2147483647;
			files = (
			);
			runOnlyForDeploymentPostprocessing = 0;
		};
		45C905FF257D28DE00465BD1 /* Resources */ = {
			isa = PBXResourcesBuildPhase;
			buildActionMask = 2147483647;
			files = (
			);
			runOnlyForDeploymentPostprocessing = 0;
		};
/* End PBXResourcesBuildPhase section */

/* Begin PBXShellScriptBuildPhase section */
		00D53CC7C0472DA025A512F4 /* [CP] Check Pods Manifest.lock */ = {
			isa = PBXShellScriptBuildPhase;
			buildActionMask = 2147483647;
			files = (
			);
			inputFileListPaths = (
			);
			inputPaths = (
				"${PODS_PODFILE_DIR_PATH}/Podfile.lock",
				"${PODS_ROOT}/Manifest.lock",
			);
			name = "[CP] Check Pods Manifest.lock";
			outputFileListPaths = (
			);
			outputPaths = (
				"$(DERIVED_FILE_DIR)/Pods-WhereIsABCTests-checkManifestLockResult.txt",
			);
			runOnlyForDeploymentPostprocessing = 0;
			shellPath = /bin/sh;
			shellScript = "diff \"${PODS_PODFILE_DIR_PATH}/Podfile.lock\" \"${PODS_ROOT}/Manifest.lock\" > /dev/null\nif [ $? != 0 ] ; then\n    # print error to STDERR\n    echo \"error: The sandbox is not in sync with the Podfile.lock. Run 'pod install' or update your CocoaPods installation.\" >&2\n    exit 1\nfi\n# This output is used by Xcode 'outputs' to avoid re-running this script phase.\necho \"SUCCESS\" > \"${SCRIPT_OUTPUT_FILE_0}\"\n";
			showEnvVarsInLog = 0;
		};
		0B37898BC062A5D99AFE70FE /* [CP] Check Pods Manifest.lock */ = {
			isa = PBXShellScriptBuildPhase;
			buildActionMask = 2147483647;
			files = (
			);
			inputFileListPaths = (
			);
			inputPaths = (
				"${PODS_PODFILE_DIR_PATH}/Podfile.lock",
				"${PODS_ROOT}/Manifest.lock",
			);
			name = "[CP] Check Pods Manifest.lock";
			outputFileListPaths = (
			);
			outputPaths = (
				"$(DERIVED_FILE_DIR)/Pods-WhereIsABCUITests-checkManifestLockResult.txt",
			);
			runOnlyForDeploymentPostprocessing = 0;
			shellPath = /bin/sh;
			shellScript = "diff \"${PODS_PODFILE_DIR_PATH}/Podfile.lock\" \"${PODS_ROOT}/Manifest.lock\" > /dev/null\nif [ $? != 0 ] ; then\n    # print error to STDERR\n    echo \"error: The sandbox is not in sync with the Podfile.lock. Run 'pod install' or update your CocoaPods installation.\" >&2\n    exit 1\nfi\n# This output is used by Xcode 'outputs' to avoid re-running this script phase.\necho \"SUCCESS\" > \"${SCRIPT_OUTPUT_FILE_0}\"\n";
			showEnvVarsInLog = 0;
		};
		1851B016170C405D95AA27E2 /* [CP] Prepare Artifacts */ = {
			isa = PBXShellScriptBuildPhase;
			buildActionMask = 2147483647;
			files = (
			);
			inputFileListPaths = (
				"${PODS_ROOT}/Target Support Files/Pods-WhereIsABC/Pods-WhereIsABC-artifacts-${CONFIGURATION}-input-files.xcfilelist",
			);
			name = "[CP] Prepare Artifacts";
			outputFileListPaths = (
				"${PODS_ROOT}/Target Support Files/Pods-WhereIsABC/Pods-WhereIsABC-artifacts-${CONFIGURATION}-output-files.xcfilelist",
			);
			runOnlyForDeploymentPostprocessing = 0;
			shellPath = /bin/sh;
			shellScript = "\"${PODS_ROOT}/Target Support Files/Pods-WhereIsABC/Pods-WhereIsABC-artifacts.sh\"\n";
			showEnvVarsInLog = 0;
		};
		AC7130011BADEAB2D42F3171 /* [CP] Check Pods Manifest.lock */ = {
			isa = PBXShellScriptBuildPhase;
			buildActionMask = 2147483647;
			files = (
			);
			inputFileListPaths = (
			);
			inputPaths = (
				"${PODS_PODFILE_DIR_PATH}/Podfile.lock",
				"${PODS_ROOT}/Manifest.lock",
			);
			name = "[CP] Check Pods Manifest.lock";
			outputFileListPaths = (
			);
			outputPaths = (
				"$(DERIVED_FILE_DIR)/Pods-WhereIsABC-checkManifestLockResult.txt",
			);
			runOnlyForDeploymentPostprocessing = 0;
			shellPath = /bin/sh;
			shellScript = "diff \"${PODS_PODFILE_DIR_PATH}/Podfile.lock\" \"${PODS_ROOT}/Manifest.lock\" > /dev/null\nif [ $? != 0 ] ; then\n    # print error to STDERR\n    echo \"error: The sandbox is not in sync with the Podfile.lock. Run 'pod install' or update your CocoaPods installation.\" >&2\n    exit 1\nfi\n# This output is used by Xcode 'outputs' to avoid re-running this script phase.\necho \"SUCCESS\" > \"${SCRIPT_OUTPUT_FILE_0}\"\n";
			showEnvVarsInLog = 0;
		};
		C99C6559F78418FBE419FC91 /* [CP] Embed Pods Frameworks */ = {
			isa = PBXShellScriptBuildPhase;
			buildActionMask = 2147483647;
			files = (
			);
			inputFileListPaths = (
				"${PODS_ROOT}/Target Support Files/Pods-WhereIsABC/Pods-WhereIsABC-frameworks-${CONFIGURATION}-input-files.xcfilelist",
			);
			name = "[CP] Embed Pods Frameworks";
			outputFileListPaths = (
				"${PODS_ROOT}/Target Support Files/Pods-WhereIsABC/Pods-WhereIsABC-frameworks-${CONFIGURATION}-output-files.xcfilelist",
			);
			runOnlyForDeploymentPostprocessing = 0;
			shellPath = /bin/sh;
			shellScript = "\"${PODS_ROOT}/Target Support Files/Pods-WhereIsABC/Pods-WhereIsABC-frameworks.sh\"\n";
			showEnvVarsInLog = 0;
		};
/* End PBXShellScriptBuildPhase section */

/* Begin PBXSourcesBuildPhase section */
		45C905DC257D28DD00465BD1 /* Sources */ = {
			isa = PBXSourcesBuildPhase;
			buildActionMask = 2147483647;
			files = (
				45893169258348C2004A9BC9 /* HomeViewController.swift in Sources */,
				45250B852585469700B1231D /* String+GameIcon.swift in Sources */,
				457A00382581BF1300C37417 /* SplashViewController.swift in Sources */,
				4589315B2582B719004A9BC9 /* BaseViewController.swift in Sources */,
				452515222586786C000E4935 /* WIAButton.swift in Sources */,
				45C905E4257D28DD00465BD1 /* AppDelegate.swift in Sources */,
				45C905E6257D28DD00465BD1 /* SceneDelegate.swift in Sources */,
			);
			runOnlyForDeploymentPostprocessing = 0;
		};
		45C905F2257D28DE00465BD1 /* Sources */ = {
			isa = PBXSourcesBuildPhase;
			buildActionMask = 2147483647;
			files = (
				45250B9225854A7500B1231D /* UtilsTests.swift in Sources */,
			);
			runOnlyForDeploymentPostprocessing = 0;
		};
		45C905FD257D28DE00465BD1 /* Sources */ = {
			isa = PBXSourcesBuildPhase;
			buildActionMask = 2147483647;
			files = (
				45C90606257D28DE00465BD1 /* WhereIsABCUITests.swift in Sources */,
			);
			runOnlyForDeploymentPostprocessing = 0;
		};
/* End PBXSourcesBuildPhase section */

/* Begin PBXTargetDependency section */
		45C905F8257D28DE00465BD1 /* PBXTargetDependency */ = {
			isa = PBXTargetDependency;
			target = 45C905DF257D28DD00465BD1 /* WhereIsABC */;
			targetProxy = 45C905F7257D28DE00465BD1 /* PBXContainerItemProxy */;
		};
		45C90603257D28DE00465BD1 /* PBXTargetDependency */ = {
			isa = PBXTargetDependency;
			target = 45C905DF257D28DD00465BD1 /* WhereIsABC */;
			targetProxy = 45C90602257D28DE00465BD1 /* PBXContainerItemProxy */;
		};
/* End PBXTargetDependency section */

/* Begin PBXVariantGroup section */
		45C905E9257D28DD00465BD1 /* Main.storyboard */ = {
			isa = PBXVariantGroup;
			children = (
				45C905EA257D28DD00465BD1 /* Base */,
			);
			name = Main.storyboard;
			sourceTree = "<group>";
		};
		45C905EE257D28DD00465BD1 /* LaunchScreen.storyboard */ = {
			isa = PBXVariantGroup;
			children = (
				45C905EF257D28DD00465BD1 /* Base */,
			);
			name = LaunchScreen.storyboard;
			sourceTree = "<group>";
		};
/* End PBXVariantGroup section */

/* Begin XCBuildConfiguration section */
		45C90608257D28DE00465BD1 /* Debug */ = {
			isa = XCBuildConfiguration;
			buildSettings = {
				ALWAYS_SEARCH_USER_PATHS = NO;
				CLANG_ANALYZER_NONNULL = YES;
				CLANG_ANALYZER_NUMBER_OBJECT_CONVERSION = YES_AGGRESSIVE;
				CLANG_CXX_LANGUAGE_STANDARD = "gnu++14";
				CLANG_CXX_LIBRARY = "libc++";
				CLANG_ENABLE_MODULES = YES;
				CLANG_ENABLE_OBJC_ARC = YES;
				CLANG_ENABLE_OBJC_WEAK = YES;
				CLANG_WARN_BLOCK_CAPTURE_AUTORELEASING = YES;
				CLANG_WARN_BOOL_CONVERSION = YES;
				CLANG_WARN_COMMA = YES;
				CLANG_WARN_CONSTANT_CONVERSION = YES;
				CLANG_WARN_DEPRECATED_OBJC_IMPLEMENTATIONS = YES;
				CLANG_WARN_DIRECT_OBJC_ISA_USAGE = YES_ERROR;
				CLANG_WARN_DOCUMENTATION_COMMENTS = YES;
				CLANG_WARN_EMPTY_BODY = YES;
				CLANG_WARN_ENUM_CONVERSION = YES;
				CLANG_WARN_INFINITE_RECURSION = YES;
				CLANG_WARN_INT_CONVERSION = YES;
				CLANG_WARN_NON_LITERAL_NULL_CONVERSION = YES;
				CLANG_WARN_OBJC_IMPLICIT_RETAIN_SELF = YES;
				CLANG_WARN_OBJC_LITERAL_CONVERSION = YES;
				CLANG_WARN_OBJC_ROOT_CLASS = YES_ERROR;
				CLANG_WARN_QUOTED_INCLUDE_IN_FRAMEWORK_HEADER = YES;
				CLANG_WARN_RANGE_LOOP_ANALYSIS = YES;
				CLANG_WARN_STRICT_PROTOTYPES = YES;
				CLANG_WARN_SUSPICIOUS_MOVE = YES;
				CLANG_WARN_UNGUARDED_AVAILABILITY = YES_AGGRESSIVE;
				CLANG_WARN_UNREACHABLE_CODE = YES;
				CLANG_WARN__DUPLICATE_METHOD_MATCH = YES;
				COPY_PHASE_STRIP = NO;
				DEBUG_INFORMATION_FORMAT = dwarf;
				ENABLE_STRICT_OBJC_MSGSEND = YES;
				ENABLE_TESTABILITY = YES;
				GCC_C_LANGUAGE_STANDARD = gnu11;
				GCC_DYNAMIC_NO_PIC = NO;
				GCC_NO_COMMON_BLOCKS = YES;
				GCC_OPTIMIZATION_LEVEL = 0;
				GCC_PREPROCESSOR_DEFINITIONS = (
					"DEBUG=1",
					"$(inherited)",
				);
				GCC_WARN_64_TO_32_BIT_CONVERSION = YES;
				GCC_WARN_ABOUT_RETURN_TYPE = YES_ERROR;
				GCC_WARN_UNDECLARED_SELECTOR = YES;
				GCC_WARN_UNINITIALIZED_AUTOS = YES_AGGRESSIVE;
				GCC_WARN_UNUSED_FUNCTION = YES;
				GCC_WARN_UNUSED_VARIABLE = YES;
				IPHONEOS_DEPLOYMENT_TARGET = 14.2;
				MTL_ENABLE_DEBUG_INFO = INCLUDE_SOURCE;
				MTL_FAST_MATH = YES;
				ONLY_ACTIVE_ARCH = YES;
				SDKROOT = iphoneos;
				SWIFT_ACTIVE_COMPILATION_CONDITIONS = DEBUG;
				SWIFT_OPTIMIZATION_LEVEL = "-Onone";
			};
			name = Debug;
		};
		45C90609257D28DE00465BD1 /* Release */ = {
			isa = XCBuildConfiguration;
			buildSettings = {
				ALWAYS_SEARCH_USER_PATHS = NO;
				CLANG_ANALYZER_NONNULL = YES;
				CLANG_ANALYZER_NUMBER_OBJECT_CONVERSION = YES_AGGRESSIVE;
				CLANG_CXX_LANGUAGE_STANDARD = "gnu++14";
				CLANG_CXX_LIBRARY = "libc++";
				CLANG_ENABLE_MODULES = YES;
				CLANG_ENABLE_OBJC_ARC = YES;
				CLANG_ENABLE_OBJC_WEAK = YES;
				CLANG_WARN_BLOCK_CAPTURE_AUTORELEASING = YES;
				CLANG_WARN_BOOL_CONVERSION = YES;
				CLANG_WARN_COMMA = YES;
				CLANG_WARN_CONSTANT_CONVERSION = YES;
				CLANG_WARN_DEPRECATED_OBJC_IMPLEMENTATIONS = YES;
				CLANG_WARN_DIRECT_OBJC_ISA_USAGE = YES_ERROR;
				CLANG_WARN_DOCUMENTATION_COMMENTS = YES;
				CLANG_WARN_EMPTY_BODY = YES;
				CLANG_WARN_ENUM_CONVERSION = YES;
				CLANG_WARN_INFINITE_RECURSION = YES;
				CLANG_WARN_INT_CONVERSION = YES;
				CLANG_WARN_NON_LITERAL_NULL_CONVERSION = YES;
				CLANG_WARN_OBJC_IMPLICIT_RETAIN_SELF = YES;
				CLANG_WARN_OBJC_LITERAL_CONVERSION = YES;
				CLANG_WARN_OBJC_ROOT_CLASS = YES_ERROR;
				CLANG_WARN_QUOTED_INCLUDE_IN_FRAMEWORK_HEADER = YES;
				CLANG_WARN_RANGE_LOOP_ANALYSIS = YES;
				CLANG_WARN_STRICT_PROTOTYPES = YES;
				CLANG_WARN_SUSPICIOUS_MOVE = YES;
				CLANG_WARN_UNGUARDED_AVAILABILITY = YES_AGGRESSIVE;
				CLANG_WARN_UNREACHABLE_CODE = YES;
				CLANG_WARN__DUPLICATE_METHOD_MATCH = YES;
				COPY_PHASE_STRIP = NO;
				DEBUG_INFORMATION_FORMAT = "dwarf-with-dsym";
				ENABLE_NS_ASSERTIONS = NO;
				ENABLE_STRICT_OBJC_MSGSEND = YES;
				GCC_C_LANGUAGE_STANDARD = gnu11;
				GCC_NO_COMMON_BLOCKS = YES;
				GCC_WARN_64_TO_32_BIT_CONVERSION = YES;
				GCC_WARN_ABOUT_RETURN_TYPE = YES_ERROR;
				GCC_WARN_UNDECLARED_SELECTOR = YES;
				GCC_WARN_UNINITIALIZED_AUTOS = YES_AGGRESSIVE;
				GCC_WARN_UNUSED_FUNCTION = YES;
				GCC_WARN_UNUSED_VARIABLE = YES;
				IPHONEOS_DEPLOYMENT_TARGET = 14.2;
				MTL_ENABLE_DEBUG_INFO = NO;
				MTL_FAST_MATH = YES;
				SDKROOT = iphoneos;
				SWIFT_COMPILATION_MODE = wholemodule;
				SWIFT_OPTIMIZATION_LEVEL = "-O";
				VALIDATE_PRODUCT = YES;
			};
			name = Release;
		};
		45C9060B257D28DE00465BD1 /* Debug */ = {
			isa = XCBuildConfiguration;
			baseConfigurationReference = 4E2C8A6566DA6B812F13CBA2 /* Pods-WhereIsABC.debug.xcconfig */;
			buildSettings = {
				ASSETCATALOG_COMPILER_APPICON_NAME = AppIcon;
				ASSETCATALOG_COMPILER_GLOBAL_ACCENT_COLOR_NAME = AccentColor;
				CODE_SIGN_STYLE = Automatic;
				DEVELOPMENT_TEAM = RE4YFXSB23;
				INFOPLIST_FILE = "$(SRCROOT)/WhereIsABC/Plist/Info.plist";
				IPHONEOS_DEPLOYMENT_TARGET = 13.0;
				LD_RUNPATH_SEARCH_PATHS = (
					"$(inherited)",
					"@executable_path/Frameworks",
				);
				MARKETING_VERSION = 1.0.0;
				PRODUCT_BUNDLE_IDENTIFIER = com.glennposadas.kidsgames.whereisabc;
				PRODUCT_NAME = "$(TARGET_NAME)";
				SWIFT_VERSION = 5.0;
				TARGETED_DEVICE_FAMILY = "1,2";
			};
			name = Debug;
		};
		45C9060C257D28DE00465BD1 /* Release */ = {
			isa = XCBuildConfiguration;
			baseConfigurationReference = 5EFB5B1211088CAB4E31CBFF /* Pods-WhereIsABC.release.xcconfig */;
			buildSettings = {
				ASSETCATALOG_COMPILER_APPICON_NAME = AppIcon;
				ASSETCATALOG_COMPILER_GLOBAL_ACCENT_COLOR_NAME = AccentColor;
				CODE_SIGN_STYLE = Automatic;
				DEVELOPMENT_TEAM = RE4YFXSB23;
				INFOPLIST_FILE = "$(SRCROOT)/WhereIsABC/Plist/Info.plist";
				IPHONEOS_DEPLOYMENT_TARGET = 13.0;
				LD_RUNPATH_SEARCH_PATHS = (
					"$(inherited)",
					"@executable_path/Frameworks",
				);
				MARKETING_VERSION = 1.0.0;
				PRODUCT_BUNDLE_IDENTIFIER = com.glennposadas.kidsgames.whereisabc;
				PRODUCT_NAME = "$(TARGET_NAME)";
				SWIFT_VERSION = 5.0;
				TARGETED_DEVICE_FAMILY = "1,2";
			};
			name = Release;
		};
		45C9060E257D28DE00465BD1 /* Debug */ = {
			isa = XCBuildConfiguration;
			baseConfigurationReference = 7FA65DDE2E956CD14CCCF035 /* Pods-WhereIsABCTests.debug.xcconfig */;
			buildSettings = {
				ALWAYS_EMBED_SWIFT_STANDARD_LIBRARIES = YES;
				BUNDLE_LOADER = "$(TEST_HOST)";
				CLANG_ENABLE_MODULES = YES;
				CODE_SIGN_STYLE = Automatic;
				DEVELOPMENT_TEAM = RE4YFXSB23;
				INFOPLIST_FILE = WhereIsABCTests/Info.plist;
				IPHONEOS_DEPLOYMENT_TARGET = 14.2;
				LD_RUNPATH_SEARCH_PATHS = (
					"$(inherited)",
					"@executable_path/Frameworks",
					"@loader_path/Frameworks",
				);
				PRODUCT_BUNDLE_IDENTIFIER = com.glennposadas.kidsgames.WhereIsABCTests;
				PRODUCT_NAME = "$(TARGET_NAME)";
				SWIFT_OBJC_BRIDGING_HEADER = "WhereIsABCTests/WhereIsABCTests-Bridging-Header.h";
				SWIFT_OPTIMIZATION_LEVEL = "-Onone";
				SWIFT_VERSION = 5.0;
				TARGETED_DEVICE_FAMILY = "1,2";
				TEST_HOST = "$(BUILT_PRODUCTS_DIR)/WhereIsABC.app/WhereIsABC";
			};
			name = Debug;
		};
		45C9060F257D28DE00465BD1 /* Release */ = {
			isa = XCBuildConfiguration;
			baseConfigurationReference = 20D21D44B2F0055528911BEA /* Pods-WhereIsABCTests.release.xcconfig */;
			buildSettings = {
				ALWAYS_EMBED_SWIFT_STANDARD_LIBRARIES = YES;
				BUNDLE_LOADER = "$(TEST_HOST)";
				CLANG_ENABLE_MODULES = YES;
				CODE_SIGN_STYLE = Automatic;
				DEVELOPMENT_TEAM = RE4YFXSB23;
				INFOPLIST_FILE = WhereIsABCTests/Info.plist;
				IPHONEOS_DEPLOYMENT_TARGET = 14.2;
				LD_RUNPATH_SEARCH_PATHS = (
					"$(inherited)",
					"@executable_path/Frameworks",
					"@loader_path/Frameworks",
				);
				PRODUCT_BUNDLE_IDENTIFIER = com.glennposadas.kidsgames.WhereIsABCTests;
				PRODUCT_NAME = "$(TARGET_NAME)";
				SWIFT_OBJC_BRIDGING_HEADER = "WhereIsABCTests/WhereIsABCTests-Bridging-Header.h";
				SWIFT_VERSION = 5.0;
				TARGETED_DEVICE_FAMILY = "1,2";
				TEST_HOST = "$(BUILT_PRODUCTS_DIR)/WhereIsABC.app/WhereIsABC";
			};
			name = Release;
		};
		45C90611257D28DE00465BD1 /* Debug */ = {
			isa = XCBuildConfiguration;
			baseConfigurationReference = 98936D31821012656CF76D29 /* Pods-WhereIsABCUITests.debug.xcconfig */;
			buildSettings = {
				ALWAYS_EMBED_SWIFT_STANDARD_LIBRARIES = YES;
				CODE_SIGN_STYLE = Automatic;
				DEVELOPMENT_TEAM = RE4YFXSB23;
				INFOPLIST_FILE = WhereIsABCUITests/Info.plist;
				LD_RUNPATH_SEARCH_PATHS = (
					"$(inherited)",
					"@executable_path/Frameworks",
					"@loader_path/Frameworks",
				);
				PRODUCT_BUNDLE_IDENTIFIER = com.glennposadas.kidsgames.WhereIsABCUITests;
				PRODUCT_NAME = "$(TARGET_NAME)";
				SWIFT_VERSION = 5.0;
				TARGETED_DEVICE_FAMILY = "1,2";
				TEST_TARGET_NAME = WhereIsABC;
			};
			name = Debug;
		};
		45C90612257D28DE00465BD1 /* Release */ = {
			isa = XCBuildConfiguration;
			baseConfigurationReference = 4C629D674B9EC71B5C982465 /* Pods-WhereIsABCUITests.release.xcconfig */;
			buildSettings = {
				ALWAYS_EMBED_SWIFT_STANDARD_LIBRARIES = YES;
				CODE_SIGN_STYLE = Automatic;
				DEVELOPMENT_TEAM = RE4YFXSB23;
				INFOPLIST_FILE = WhereIsABCUITests/Info.plist;
				LD_RUNPATH_SEARCH_PATHS = (
					"$(inherited)",
					"@executable_path/Frameworks",
					"@loader_path/Frameworks",
				);
				PRODUCT_BUNDLE_IDENTIFIER = com.glennposadas.kidsgames.WhereIsABCUITests;
				PRODUCT_NAME = "$(TARGET_NAME)";
				SWIFT_VERSION = 5.0;
				TARGETED_DEVICE_FAMILY = "1,2";
				TEST_TARGET_NAME = WhereIsABC;
			};
			name = Release;
		};
/* End XCBuildConfiguration section */

/* Begin XCConfigurationList section */
		45C905DB257D28DD00465BD1 /* Build configuration list for PBXProject "WhereIsABC" */ = {
			isa = XCConfigurationList;
			buildConfigurations = (
				45C90608257D28DE00465BD1 /* Debug */,
				45C90609257D28DE00465BD1 /* Release */,
			);
			defaultConfigurationIsVisible = 0;
			defaultConfigurationName = Release;
		};
		45C9060A257D28DE00465BD1 /* Build configuration list for PBXNativeTarget "WhereIsABC" */ = {
			isa = XCConfigurationList;
			buildConfigurations = (
				45C9060B257D28DE00465BD1 /* Debug */,
				45C9060C257D28DE00465BD1 /* Release */,
			);
			defaultConfigurationIsVisible = 0;
			defaultConfigurationName = Release;
		};
		45C9060D257D28DE00465BD1 /* Build configuration list for PBXNativeTarget "WhereIsABCTests" */ = {
			isa = XCConfigurationList;
			buildConfigurations = (
				45C9060E257D28DE00465BD1 /* Debug */,
				45C9060F257D28DE00465BD1 /* Release */,
			);
			defaultConfigurationIsVisible = 0;
			defaultConfigurationName = Release;
		};
		45C90610257D28DE00465BD1 /* Build configuration list for PBXNativeTarget "WhereIsABCUITests" */ = {
			isa = XCConfigurationList;
			buildConfigurations = (
				45C90611257D28DE00465BD1 /* Debug */,
				45C90612257D28DE00465BD1 /* Release */,
			);
			defaultConfigurationIsVisible = 0;
			defaultConfigurationName = Release;
		};
/* End XCConfigurationList section */
	};
	rootObject = 45C905D8257D28DD00465BD1 /* Project object */;
}
